// !$*UTF8*$!
{
	archiveVersion = 1;
	classes = {
	};
	objectVersion = 48;
	objects = {

/* Begin PBXBuildFile section */
		7D1B1ACE1F9902A500C1F5FF /* Nimble.framework in Frameworks */ = {isa = PBXBuildFile; fileRef = 7D1B1A8B1F98F86400C1F5FF /* Nimble.framework */; };
		7D1B1ACF1F9902A800C1F5FF /* Quick.framework in Frameworks */ = {isa = PBXBuildFile; fileRef = 7D1B1A8D1F98F86600C1F5FF /* Quick.framework */; };
		7D1B1AD11F9902B300C1F5FF /* Quick.framework in CopyFiles */ = {isa = PBXBuildFile; fileRef = 7D1B1A8D1F98F86600C1F5FF /* Quick.framework */; settings = {ATTRIBUTES = (CodeSignOnCopy, RemoveHeadersOnCopy, ); }; };
		7D1B1AD21F9902B300C1F5FF /* Nimble.framework in CopyFiles */ = {isa = PBXBuildFile; fileRef = 7D1B1A8B1F98F86400C1F5FF /* Nimble.framework */; settings = {ATTRIBUTES = (CodeSignOnCopy, RemoveHeadersOnCopy, ); }; };
		7D1B1AD41F9902C600C1F5FF /* DataStoreSpec.swift in Sources */ = {isa = PBXBuildFile; fileRef = 7D1B1AD31F9902C600C1F5FF /* DataStoreSpec.swift */; };
		7D38849B1F992A0B0058DAFF /* WebViewSpec.swift in Sources */ = {isa = PBXBuildFile; fileRef = 7D38849A1F992A0B0058DAFF /* WebViewSpec.swift */; };
		7D5DF8771F87F2600039B23E /* AppDelegate.swift in Sources */ = {isa = PBXBuildFile; fileRef = 7D5DF8761F87F2600039B23E /* AppDelegate.swift */; };
		7D5DF8791F87F2600039B23E /* ViewController.swift in Sources */ = {isa = PBXBuildFile; fileRef = 7D5DF8781F87F2600039B23E /* ViewController.swift */; };
		7D5DF87C1F87F2600039B23E /* Main.storyboard in Resources */ = {isa = PBXBuildFile; fileRef = 7D5DF87A1F87F2600039B23E /* Main.storyboard */; };
		7D5DF87E1F87F2600039B23E /* Assets.xcassets in Resources */ = {isa = PBXBuildFile; fileRef = 7D5DF87D1F87F2600039B23E /* Assets.xcassets */; };
		7D5DF8811F87F2600039B23E /* LaunchScreen.storyboard in Resources */ = {isa = PBXBuildFile; fileRef = 7D5DF87F1F87F2600039B23E /* LaunchScreen.storyboard */; };
		7D7878371F96BE4200BE6C9D /* DataStore.swift in Sources */ = {isa = PBXBuildFile; fileRef = 7D7878361F96BE4200BE6C9D /* DataStore.swift */; };
		7D7878391F97C63500BE6C9D /* WebView.swift in Sources */ = {isa = PBXBuildFile; fileRef = 7D7878381F97C63500BE6C9D /* WebView.swift */; };
/* End PBXBuildFile section */

/* Begin PBXContainerItemProxy section */
		7D1B1AC91F99028D00C1F5FF /* PBXContainerItemProxy */ = {
			isa = PBXContainerItemProxy;
			containerPortal = 7D5DF86B1F87F2600039B23E /* Project object */;
			proxyType = 1;
			remoteGlobalIDString = 7D5DF8721F87F2600039B23E;
			remoteInfo = "lockbox-ios";
		};
/* End PBXContainerItemProxy section */

/* Begin PBXCopyFilesBuildPhase section */
		7D1B1AD01F9902AC00C1F5FF /* CopyFiles */ = {
			isa = PBXCopyFilesBuildPhase;
			buildActionMask = 2147483647;
			dstPath = "";
			dstSubfolderSpec = 10;
			files = (
				7D1B1AD11F9902B300C1F5FF /* Quick.framework in CopyFiles */,
				7D1B1AD21F9902B300C1F5FF /* Nimble.framework in CopyFiles */,
			);
			runOnlyForDeploymentPostprocessing = 0;
		};
/* End PBXCopyFilesBuildPhase section */

/* Begin PBXFileReference section */
		7D1B1A8B1F98F86400C1F5FF /* Nimble.framework */ = {isa = PBXFileReference; lastKnownFileType = wrapper.framework; name = Nimble.framework; path = Carthage/Build/iOS/Nimble.framework; sourceTree = "<group>"; };
		7D1B1A8D1F98F86600C1F5FF /* Quick.framework */ = {isa = PBXFileReference; lastKnownFileType = wrapper.framework; name = Quick.framework; path = Carthage/Build/iOS/Quick.framework; sourceTree = "<group>"; };
		7D1B1A991F98FC0600C1F5FF /* lockbox-datastore */ = {isa = PBXFileReference; lastKnownFileType = folder; name = "lockbox-datastore"; path = "lockbox-ios/lockbox-datastore"; sourceTree = "<group>"; };
		7D1B1AC41F99028D00C1F5FF /* lockbox-iosTests.xctest */ = {isa = PBXFileReference; explicitFileType = wrapper.cfbundle; includeInIndex = 0; path = "lockbox-iosTests.xctest"; sourceTree = BUILT_PRODUCTS_DIR; };
		7D1B1AC81F99028D00C1F5FF /* Info.plist */ = {isa = PBXFileReference; lastKnownFileType = text.plist.xml; path = Info.plist; sourceTree = "<group>"; };
		7D1B1AD31F9902C600C1F5FF /* DataStoreSpec.swift */ = {isa = PBXFileReference; lastKnownFileType = sourcecode.swift; path = DataStoreSpec.swift; sourceTree = "<group>"; };
		7D38849A1F992A0B0058DAFF /* WebViewSpec.swift */ = {isa = PBXFileReference; lastKnownFileType = sourcecode.swift; path = WebViewSpec.swift; sourceTree = "<group>"; };
		7D5DF8731F87F2600039B23E /* lockbox-ios.app */ = {isa = PBXFileReference; explicitFileType = wrapper.application; includeInIndex = 0; path = "lockbox-ios.app"; sourceTree = BUILT_PRODUCTS_DIR; };
		7D5DF8761F87F2600039B23E /* AppDelegate.swift */ = {isa = PBXFileReference; lastKnownFileType = sourcecode.swift; path = AppDelegate.swift; sourceTree = "<group>"; };
		7D5DF8781F87F2600039B23E /* ViewController.swift */ = {isa = PBXFileReference; lastKnownFileType = sourcecode.swift; path = ViewController.swift; sourceTree = "<group>"; };
		7D5DF87B1F87F2600039B23E /* Base */ = {isa = PBXFileReference; lastKnownFileType = file.storyboard; name = Base; path = Base.lproj/Main.storyboard; sourceTree = "<group>"; };
		7D5DF87D1F87F2600039B23E /* Assets.xcassets */ = {isa = PBXFileReference; lastKnownFileType = folder.assetcatalog; path = Assets.xcassets; sourceTree = "<group>"; };
		7D5DF8801F87F2600039B23E /* Base */ = {isa = PBXFileReference; lastKnownFileType = file.storyboard; name = Base; path = Base.lproj/LaunchScreen.storyboard; sourceTree = "<group>"; };
		7D5DF8821F87F2600039B23E /* Info.plist */ = {isa = PBXFileReference; lastKnownFileType = text.plist.xml; path = Info.plist; sourceTree = "<group>"; };
		7D7878361F96BE4200BE6C9D /* DataStore.swift */ = {isa = PBXFileReference; lastKnownFileType = sourcecode.swift; path = DataStore.swift; sourceTree = "<group>"; };
		7D7878381F97C63500BE6C9D /* WebView.swift */ = {isa = PBXFileReference; lastKnownFileType = sourcecode.swift; path = WebView.swift; sourceTree = "<group>"; };
/* End PBXFileReference section */

/* Begin PBXFrameworksBuildPhase section */
		7D1B1AC11F99028D00C1F5FF /* Frameworks */ = {
			isa = PBXFrameworksBuildPhase;
			buildActionMask = 2147483647;
			files = (
				7D1B1ACE1F9902A500C1F5FF /* Nimble.framework in Frameworks */,
				7D1B1ACF1F9902A800C1F5FF /* Quick.framework in Frameworks */,
			);
			runOnlyForDeploymentPostprocessing = 0;
		};
		7D5DF8701F87F2600039B23E /* Frameworks */ = {
			isa = PBXFrameworksBuildPhase;
			buildActionMask = 2147483647;
			files = (
			);
			runOnlyForDeploymentPostprocessing = 0;
		};
/* End PBXFrameworksBuildPhase section */

/* Begin PBXGroup section */
		7D1B1A8A1F98F86400C1F5FF /* Frameworks */ = {
			isa = PBXGroup;
			children = (
				7D1B1A8D1F98F86600C1F5FF /* Quick.framework */,
				7D1B1A8B1F98F86400C1F5FF /* Nimble.framework */,
			);
			name = Frameworks;
			sourceTree = "<group>";
		};
		7D1B1AC51F99028D00C1F5FF /* lockbox-iosTests */ = {
			isa = PBXGroup;
			children = (
				7D1B1AC81F99028D00C1F5FF /* Info.plist */,
				7D1B1AD31F9902C600C1F5FF /* DataStoreSpec.swift */,
				7D38849A1F992A0B0058DAFF /* WebViewSpec.swift */,
			);
			path = "lockbox-iosTests";
			sourceTree = "<group>";
		};
		7D5DF86A1F87F2600039B23E = {
			isa = PBXGroup;
			children = (
				7D1B1A991F98FC0600C1F5FF /* lockbox-datastore */,
				7D5DF8751F87F2600039B23E /* lockbox-ios */,
				7D1B1AC51F99028D00C1F5FF /* lockbox-iosTests */,
				7D5DF8741F87F2600039B23E /* Products */,
				7D1B1A8A1F98F86400C1F5FF /* Frameworks */,
			);
			sourceTree = "<group>";
		};
		7D5DF8741F87F2600039B23E /* Products */ = {
			isa = PBXGroup;
			children = (
				7D5DF8731F87F2600039B23E /* lockbox-ios.app */,
				7D1B1AC41F99028D00C1F5FF /* lockbox-iosTests.xctest */,
			);
			name = Products;
			sourceTree = "<group>";
		};
		7D5DF8751F87F2600039B23E /* lockbox-ios */ = {
			isa = PBXGroup;
			children = (
				7D5DF8761F87F2600039B23E /* AppDelegate.swift */,
				7D5DF8781F87F2600039B23E /* ViewController.swift */,
				7D5DF87A1F87F2600039B23E /* Main.storyboard */,
				7D5DF87D1F87F2600039B23E /* Assets.xcassets */,
				7D5DF87F1F87F2600039B23E /* LaunchScreen.storyboard */,
				7D5DF8821F87F2600039B23E /* Info.plist */,
				7D7878361F96BE4200BE6C9D /* DataStore.swift */,
				7D7878381F97C63500BE6C9D /* WebView.swift */,
			);
			path = "lockbox-ios";
			sourceTree = "<group>";
		};
/* End PBXGroup section */

/* Begin PBXNativeTarget section */
		7D1B1AC31F99028D00C1F5FF /* lockbox-iosTests */ = {
			isa = PBXNativeTarget;
			buildConfigurationList = 7D1B1ACB1F99028D00C1F5FF /* Build configuration list for PBXNativeTarget "lockbox-iosTests" */;
			buildPhases = (
				7D1B1AC01F99028D00C1F5FF /* Sources */,
				7D1B1AC11F99028D00C1F5FF /* Frameworks */,
				7D1B1AC21F99028D00C1F5FF /* Resources */,
				7D1B1AD01F9902AC00C1F5FF /* CopyFiles */,
			);
			buildRules = (
			);
			dependencies = (
				7D1B1ACA1F99028D00C1F5FF /* PBXTargetDependency */,
			);
			name = "lockbox-iosTests";
			productName = "lockbox-iosTests";
			productReference = 7D1B1AC41F99028D00C1F5FF /* lockbox-iosTests.xctest */;
			productType = "com.apple.product-type.bundle.unit-test";
		};
		7D5DF8721F87F2600039B23E /* lockbox-ios */ = {
			isa = PBXNativeTarget;
			buildConfigurationList = 7D5DF8901F87F2600039B23E /* Build configuration list for PBXNativeTarget "lockbox-ios" */;
			buildPhases = (
				7D5DF86F1F87F2600039B23E /* Sources */,
				7D5DF8701F87F2600039B23E /* Frameworks */,
				7D5DF8711F87F2600039B23E /* Resources */,
			);
			buildRules = (
			);
			dependencies = (
			);
			name = "lockbox-ios";
			productName = "lockbox-exploration";
			productReference = 7D5DF8731F87F2600039B23E /* lockbox-ios.app */;
			productType = "com.apple.product-type.application";
		};
/* End PBXNativeTarget section */

/* Begin PBXProject section */
		7D5DF86B1F87F2600039B23E /* Project object */ = {
			isa = PBXProject;
			attributes = {
				LastSwiftUpdateCheck = 0900;
				LastUpgradeCheck = 0900;
				ORGANIZATIONNAME = "Sasha Heinen";
				TargetAttributes = {
					7D1B1AC31F99028D00C1F5FF = {
						CreatedOnToolsVersion = 9.0;
						LastSwiftMigration = 0900;
						ProvisioningStyle = Automatic;
						TestTargetID = 7D5DF8721F87F2600039B23E;
					};
					7D5DF8721F87F2600039B23E = {
						CreatedOnToolsVersion = 9.0;
						ProvisioningStyle = Automatic;
					};
				};
			};
			buildConfigurationList = 7D5DF86E1F87F2600039B23E /* Build configuration list for PBXProject "lockbox-ios" */;
			compatibilityVersion = "Xcode 8.0";
			developmentRegion = en;
			hasScannedForEncodings = 0;
			knownRegions = (
				en,
				Base,
			);
			mainGroup = 7D5DF86A1F87F2600039B23E;
			productRefGroup = 7D5DF8741F87F2600039B23E /* Products */;
			projectDirPath = "";
			projectRoot = "";
			targets = (
				7D5DF8721F87F2600039B23E /* lockbox-ios */,
				7D1B1AC31F99028D00C1F5FF /* lockbox-iosTests */,
			);
		};
/* End PBXProject section */

/* Begin PBXResourcesBuildPhase section */
		7D1B1AC21F99028D00C1F5FF /* Resources */ = {
			isa = PBXResourcesBuildPhase;
			buildActionMask = 2147483647;
			files = (
			);
			runOnlyForDeploymentPostprocessing = 0;
		};
		7D5DF8711F87F2600039B23E /* Resources */ = {
			isa = PBXResourcesBuildPhase;
			buildActionMask = 2147483647;
			files = (
				7D5DF8811F87F2600039B23E /* LaunchScreen.storyboard in Resources */,
				7D5DF87E1F87F2600039B23E /* Assets.xcassets in Resources */,
				7D5DF87C1F87F2600039B23E /* Main.storyboard in Resources */,
			);
			runOnlyForDeploymentPostprocessing = 0;
		};
/* End PBXResourcesBuildPhase section */

/* Begin PBXSourcesBuildPhase section */
		7D1B1AC01F99028D00C1F5FF /* Sources */ = {
			isa = PBXSourcesBuildPhase;
			buildActionMask = 2147483647;
			files = (
				7D38849B1F992A0B0058DAFF /* WebViewSpec.swift in Sources */,
				7D1B1AD41F9902C600C1F5FF /* DataStoreSpec.swift in Sources */,
			);
			runOnlyForDeploymentPostprocessing = 0;
		};
		7D5DF86F1F87F2600039B23E /* Sources */ = {
			isa = PBXSourcesBuildPhase;
			buildActionMask = 2147483647;
			files = (
				7D5DF8791F87F2600039B23E /* ViewController.swift in Sources */,
				7D7878391F97C63500BE6C9D /* WebView.swift in Sources */,
				7D7878371F96BE4200BE6C9D /* DataStore.swift in Sources */,
				7D5DF8771F87F2600039B23E /* AppDelegate.swift in Sources */,
			);
			runOnlyForDeploymentPostprocessing = 0;
		};
/* End PBXSourcesBuildPhase section */

/* Begin PBXTargetDependency section */
		7D1B1ACA1F99028D00C1F5FF /* PBXTargetDependency */ = {
			isa = PBXTargetDependency;
			target = 7D5DF8721F87F2600039B23E /* lockbox-ios */;
			targetProxy = 7D1B1AC91F99028D00C1F5FF /* PBXContainerItemProxy */;
		};
/* End PBXTargetDependency section */

/* Begin PBXVariantGroup section */
		7D5DF87A1F87F2600039B23E /* Main.storyboard */ = {
			isa = PBXVariantGroup;
			children = (
				7D5DF87B1F87F2600039B23E /* Base */,
			);
			name = Main.storyboard;
			sourceTree = "<group>";
		};
		7D5DF87F1F87F2600039B23E /* LaunchScreen.storyboard */ = {
			isa = PBXVariantGroup;
			children = (
				7D5DF8801F87F2600039B23E /* Base */,
			);
			name = LaunchScreen.storyboard;
			sourceTree = "<group>";
		};
/* End PBXVariantGroup section */

/* Begin XCBuildConfiguration section */
		7D1B1ACC1F99028D00C1F5FF /* Debug */ = {
			isa = XCBuildConfiguration;
			buildSettings = {
				BUNDLE_LOADER = "$(TEST_HOST)";
				CLANG_ENABLE_MODULES = YES;
				CODE_SIGN_STYLE = Automatic;
				FRAMEWORK_SEARCH_PATHS = (
					"$(inherited)",
					"$(PROJECT_DIR)/Carthage/Build/iOS",
				);
				INFOPLIST_FILE = "lockbox-iosTests/Info.plist";
				LD_RUNPATH_SEARCH_PATHS = "$(inherited) @executable_path/Frameworks @loader_path/Frameworks";
				PRODUCT_BUNDLE_IDENTIFIER = "mozilla.lockbox-iosTests";
				PRODUCT_NAME = "$(TARGET_NAME)";
				SWIFT_OPTIMIZATION_LEVEL = "-Onone";
				SWIFT_VERSION = 4.0;
				TARGETED_DEVICE_FAMILY = "1,2";
				TEST_HOST = "$(BUILT_PRODUCTS_DIR)/lockbox-ios.app/lockbox-ios";
			};
			name = Debug;
		};
		7D1B1ACD1F99028D00C1F5FF /* Release */ = {
			isa = XCBuildConfiguration;
			buildSettings = {
				BUNDLE_LOADER = "$(TEST_HOST)";
				CLANG_ENABLE_MODULES = YES;
				CODE_SIGN_STYLE = Automatic;
				FRAMEWORK_SEARCH_PATHS = (
					"$(inherited)",
					"$(PROJECT_DIR)/Carthage/Build/iOS",
				);
				INFOPLIST_FILE = "lockbox-iosTests/Info.plist";
				LD_RUNPATH_SEARCH_PATHS = "$(inherited) @executable_path/Frameworks @loader_path/Frameworks";
				PRODUCT_BUNDLE_IDENTIFIER = "mozilla.lockbox-iosTests";
				PRODUCT_NAME = "$(TARGET_NAME)";
				SWIFT_VERSION = 4.0;
				TARGETED_DEVICE_FAMILY = "1,2";
				TEST_HOST = "$(BUILT_PRODUCTS_DIR)/lockbox-ios.app/lockbox-ios";
			};
			name = Release;
		};
		7D5DF88E1F87F2600039B23E /* Debug */ = {
			isa = XCBuildConfiguration;
			buildSettings = {
				ALWAYS_SEARCH_USER_PATHS = NO;
				CLANG_ANALYZER_NONNULL = YES;
				CLANG_ANALYZER_NUMBER_OBJECT_CONVERSION = YES_AGGRESSIVE;
				CLANG_CXX_LANGUAGE_STANDARD = "gnu++14";
				CLANG_CXX_LIBRARY = "libc++";
				CLANG_ENABLE_MODULES = YES;
				CLANG_ENABLE_OBJC_ARC = YES;
				CLANG_WARN_BLOCK_CAPTURE_AUTORELEASING = YES;
				CLANG_WARN_BOOL_CONVERSION = YES;
				CLANG_WARN_COMMA = YES;
				CLANG_WARN_CONSTANT_CONVERSION = YES;
				CLANG_WARN_DIRECT_OBJC_ISA_USAGE = YES_ERROR;
				CLANG_WARN_DOCUMENTATION_COMMENTS = YES;
				CLANG_WARN_EMPTY_BODY = YES;
				CLANG_WARN_ENUM_CONVERSION = YES;
				CLANG_WARN_INFINITE_RECURSION = YES;
				CLANG_WARN_INT_CONVERSION = YES;
				CLANG_WARN_NON_LITERAL_NULL_CONVERSION = YES;
				CLANG_WARN_OBJC_LITERAL_CONVERSION = YES;
				CLANG_WARN_OBJC_ROOT_CLASS = YES_ERROR;
				CLANG_WARN_RANGE_LOOP_ANALYSIS = YES;
				CLANG_WARN_STRICT_PROTOTYPES = YES;
				CLANG_WARN_SUSPICIOUS_MOVE = YES;
				CLANG_WARN_UNGUARDED_AVAILABILITY = YES_AGGRESSIVE;
				CLANG_WARN_UNREACHABLE_CODE = YES;
				CLANG_WARN__DUPLICATE_METHOD_MATCH = YES;
				CODE_SIGN_IDENTITY = "iPhone Developer";
				COPY_PHASE_STRIP = NO;
				DEBUG_INFORMATION_FORMAT = dwarf;
				ENABLE_STRICT_OBJC_MSGSEND = YES;
				ENABLE_TESTABILITY = YES;
				GCC_C_LANGUAGE_STANDARD = gnu11;
				GCC_DYNAMIC_NO_PIC = NO;
				GCC_NO_COMMON_BLOCKS = YES;
				GCC_OPTIMIZATION_LEVEL = 0;
				GCC_PREPROCESSOR_DEFINITIONS = (
					"DEBUG=1",
					"$(inherited)",
				);
				GCC_WARN_64_TO_32_BIT_CONVERSION = YES;
				GCC_WARN_ABOUT_RETURN_TYPE = YES_ERROR;
				GCC_WARN_UNDECLARED_SELECTOR = YES;
				GCC_WARN_UNINITIALIZED_AUTOS = YES_AGGRESSIVE;
				GCC_WARN_UNUSED_FUNCTION = YES;
				GCC_WARN_UNUSED_VARIABLE = YES;
				IPHONEOS_DEPLOYMENT_TARGET = 11.0;
				MTL_ENABLE_DEBUG_INFO = YES;
				ONLY_ACTIVE_ARCH = YES;
				SDKROOT = iphoneos;
				SWIFT_ACTIVE_COMPILATION_CONDITIONS = DEBUG;
				SWIFT_OPTIMIZATION_LEVEL = "-Onone";
			};
			name = Debug;
		};
		7D5DF88F1F87F2600039B23E /* Release */ = {
			isa = XCBuildConfiguration;
			buildSettings = {
				ALWAYS_SEARCH_USER_PATHS = NO;
				CLANG_ANALYZER_NONNULL = YES;
				CLANG_ANALYZER_NUMBER_OBJECT_CONVERSION = YES_AGGRESSIVE;
				CLANG_CXX_LANGUAGE_STANDARD = "gnu++14";
				CLANG_CXX_LIBRARY = "libc++";
				CLANG_ENABLE_MODULES = YES;
				CLANG_ENABLE_OBJC_ARC = YES;
				CLANG_WARN_BLOCK_CAPTURE_AUTORELEASING = YES;
				CLANG_WARN_BOOL_CONVERSION = YES;
				CLANG_WARN_COMMA = YES;
				CLANG_WARN_CONSTANT_CONVERSION = YES;
				CLANG_WARN_DIRECT_OBJC_ISA_USAGE = YES_ERROR;
				CLANG_WARN_DOCUMENTATION_COMMENTS = YES;
				CLANG_WARN_EMPTY_BODY = YES;
				CLANG_WARN_ENUM_CONVERSION = YES;
				CLANG_WARN_INFINITE_RECURSION = YES;
				CLANG_WARN_INT_CONVERSION = YES;
				CLANG_WARN_NON_LITERAL_NULL_CONVERSION = YES;
				CLANG_WARN_OBJC_LITERAL_CONVERSION = YES;
				CLANG_WARN_OBJC_ROOT_CLASS = YES_ERROR;
				CLANG_WARN_RANGE_LOOP_ANALYSIS = YES;
				CLANG_WARN_STRICT_PROTOTYPES = YES;
				CLANG_WARN_SUSPICIOUS_MOVE = YES;
				CLANG_WARN_UNGUARDED_AVAILABILITY = YES_AGGRESSIVE;
				CLANG_WARN_UNREACHABLE_CODE = YES;
				CLANG_WARN__DUPLICATE_METHOD_MATCH = YES;
				CODE_SIGN_IDENTITY = "iPhone Developer";
				COPY_PHASE_STRIP = NO;
				DEBUG_INFORMATION_FORMAT = "dwarf-with-dsym";
				ENABLE_NS_ASSERTIONS = NO;
				ENABLE_STRICT_OBJC_MSGSEND = YES;
				GCC_C_LANGUAGE_STANDARD = gnu11;
				GCC_NO_COMMON_BLOCKS = YES;
				GCC_WARN_64_TO_32_BIT_CONVERSION = YES;
				GCC_WARN_ABOUT_RETURN_TYPE = YES_ERROR;
				GCC_WARN_UNDECLARED_SELECTOR = YES;
				GCC_WARN_UNINITIALIZED_AUTOS = YES_AGGRESSIVE;
				GCC_WARN_UNUSED_FUNCTION = YES;
				GCC_WARN_UNUSED_VARIABLE = YES;
				IPHONEOS_DEPLOYMENT_TARGET = 11.0;
				MTL_ENABLE_DEBUG_INFO = NO;
				SDKROOT = iphoneos;
				SWIFT_OPTIMIZATION_LEVEL = "-Owholemodule";
				VALIDATE_PRODUCT = YES;
			};
			name = Release;
		};
		7D5DF8911F87F2600039B23E /* Debug */ = {
			isa = XCBuildConfiguration;
			buildSettings = {
				ASSETCATALOG_COMPILER_APPICON_NAME = AppIcon;
				CODE_SIGN_STYLE = Automatic;
				DEFINES_MODULE = YES;
				FRAMEWORK_SEARCH_PATHS = (
					"$(inherited)",
					"$(PROJECT_DIR)/Carthage/Build/iOS",
				);
				INFOPLIST_FILE = "lockbox-ios/Info.plist";
				LD_RUNPATH_SEARCH_PATHS = "$(inherited) @executable_path/Frameworks";
				PRODUCT_BUNDLE_IDENTIFIER = "mozilla.lockbox-ios";
				PRODUCT_NAME = "lockbox-ios";
				SWIFT_VERSION = 4.0;
				TARGETED_DEVICE_FAMILY = "1,2";
			};
			name = Debug;
		};
		7D5DF8921F87F2600039B23E /* Release */ = {
			isa = XCBuildConfiguration;
			buildSettings = {
				ASSETCATALOG_COMPILER_APPICON_NAME = AppIcon;
				CODE_SIGN_STYLE = Automatic;
				DEFINES_MODULE = YES;
				FRAMEWORK_SEARCH_PATHS = (
					"$(inherited)",
					"$(PROJECT_DIR)/Carthage/Build/iOS",
				);
				INFOPLIST_FILE = "lockbox-ios/Info.plist";
				LD_RUNPATH_SEARCH_PATHS = "$(inherited) @executable_path/Frameworks";
				PRODUCT_BUNDLE_IDENTIFIER = "mozilla.lockbox-ios";
				PRODUCT_NAME = "lockbox-ios";
				SWIFT_VERSION = 4.0;
				TARGETED_DEVICE_FAMILY = "1,2";
			};
			name = Release;
		};
/* End XCBuildConfiguration section */

/* Begin XCConfigurationList section */
		7D1B1ACB1F99028D00C1F5FF /* Build configuration list for PBXNativeTarget "lockbox-iosTests" */ = {
			isa = XCConfigurationList;
			buildConfigurations = (
				7D1B1ACC1F99028D00C1F5FF /* Debug */,
				7D1B1ACD1F99028D00C1F5FF /* Release */,
			);
			defaultConfigurationIsVisible = 0;
			defaultConfigurationName = Release;
		};
		7D5DF86E1F87F2600039B23E /* Build configuration list for PBXProject "lockbox-ios" */ = {
			isa = XCConfigurationList;
			buildConfigurations = (
				7D5DF88E1F87F2600039B23E /* Debug */,
				7D5DF88F1F87F2600039B23E /* Release */,
			);
			defaultConfigurationIsVisible = 0;
			defaultConfigurationName = Release;
		};
		7D5DF8901F87F2600039B23E /* Build configuration list for PBXNativeTarget "lockbox-ios" */ = {
			isa = XCConfigurationList;
			buildConfigurations = (
				7D5DF8911F87F2600039B23E /* Debug */,
				7D5DF8921F87F2600039B23E /* Release */,
			);
			defaultConfigurationIsVisible = 0;
			defaultConfigurationName = Release;
		};
/* End XCConfigurationList section */
	};
	rootObject = 7D5DF86B1F87F2600039B23E /* Project object */;
}
