// !$*UTF8*$!
{
	archiveVersion = 1;
	classes = {
	};
	objectVersion = 48;
	objects = {

/* Begin PBXBuildFile section */
		7AA540053B184518789CDA12 /* ItemDetailActionSpec.swift in Sources */ = {isa = PBXBuildFile; fileRef = 7AA54A831379DFCD181B2362 /* ItemDetailActionSpec.swift */; };
		7AA5400E231CF2E6FB1A5EEA /* ItemDetailStore.swift in Sources */ = {isa = PBXBuildFile; fileRef = 7AA54E126924935F1ADF4E8E /* ItemDetailStore.swift */; };
		7AA540D7395F48BD6983CC3E /* Dispatcher.swift in Sources */ = {isa = PBXBuildFile; fileRef = 7AA54CDEA56C47263160AD0E /* Dispatcher.swift */; };
		7AA540F07AF5551122E0EDB7 /* ErrorAction.swift in Sources */ = {isa = PBXBuildFile; fileRef = 7AA54D4E439D76B910034E2A /* ErrorAction.swift */; };
		7AA541388E228B6281F2A2E8 /* UserInfoStoreSpec.swift in Sources */ = {isa = PBXBuildFile; fileRef = 7AA54E826632AFFBA1677E5E /* UserInfoStoreSpec.swift */; };
		7AA541B3BC9C4F5E6A725222 /* FxAView.swift in Sources */ = {isa = PBXBuildFile; fileRef = 7AA54C12A1BC616CA2344584 /* FxAView.swift */; };
		7AA541BD28063282A0B8B352 /* Observable+Spec.swift in Sources */ = {isa = PBXBuildFile; fileRef = 7AA547CE3404CC8123CA455D /* Observable+Spec.swift */; };
		7AA5435895EE131D6B5BD4ED /* WebView.swift in Sources */ = {isa = PBXBuildFile; fileRef = 7AA5450E45A4DB17626F4684 /* WebView.swift */; };
		7AA5439445A0DE14E73A038A /* DataStoreSpec.swift in Sources */ = {isa = PBXBuildFile; fileRef = 7AA5439EEDE4AB222842E7C8 /* DataStoreSpec.swift */; };
		7AA543A00DEEDF6947B578EC /* UserInfoStore.swift in Sources */ = {isa = PBXBuildFile; fileRef = 7AA54146E0C9269A0CE8D53A /* UserInfoStore.swift */; };
		7AA543D2B55F2968B976F8EF /* OAuthInfoSpec.swift in Sources */ = {isa = PBXBuildFile; fileRef = 7AA544EC2E10034239FCB256 /* OAuthInfoSpec.swift */; };
		7AA543D5D705C1B0B7B78CBD /* UserInfoAction.swift in Sources */ = {isa = PBXBuildFile; fileRef = 7AA5492DA3988625D1DAB5BD /* UserInfoAction.swift */; };
		7AA5449807A6E898C9BEAE23 /* FxAAction.swift in Sources */ = {isa = PBXBuildFile; fileRef = 7AA54915F5D12D1929527EDE /* FxAAction.swift */; };
		7AA544AA5AE3DE25FE0B0B74 /* CopyAction.swift in Sources */ = {isa = PBXBuildFile; fileRef = 7AA54575C8FE51664E45ACD8 /* CopyAction.swift */; };
		7AA5456C114B68E64CB540AD /* KeychainManagerSpec.swift in Sources */ = {isa = PBXBuildFile; fileRef = 7AA540ABA174D12707C616B4 /* KeychainManagerSpec.swift */; };
		7AA545A229A2E0E5DBF7461C /* String+Spec.swift in Sources */ = {isa = PBXBuildFile; fileRef = 7AA542B3E1A27FC2B8806363 /* String+Spec.swift */; };
		7AA545ADA952B5C4ECF6D313 /* ItemDetailPresenterSpec.swift in Sources */ = {isa = PBXBuildFile; fileRef = 7AA54304F17F52F8B2C3D8BD /* ItemDetailPresenterSpec.swift */; };
		7AA545D6182E36466BC8256A /* CopyConfirmationDisplayStore.swift in Sources */ = {isa = PBXBuildFile; fileRef = 7AA54247F60B5BDC1BA90AD4 /* CopyConfirmationDisplayStore.swift */; };
		7AA545F780DE680A5B0380D3 /* FxAStore.swift in Sources */ = {isa = PBXBuildFile; fileRef = 7AA54D4248CF43B76BACDBD3 /* FxAStore.swift */; };
		7AA5465C5FE10715567F5E83 /* LoginNavigationController.swift in Sources */ = {isa = PBXBuildFile; fileRef = 7AA54321DB9E1203005B9F14 /* LoginNavigationController.swift */; };
		7AA54673A04A9E2ED0879ACC /* ItemDetailStoreSpec.swift in Sources */ = {isa = PBXBuildFile; fileRef = 7AA54FCD6855E89F3B156F15 /* ItemDetailStoreSpec.swift */; };
		7AA54684402DC450E11CDAAA /* FxAPresenterSpec.swift in Sources */ = {isa = PBXBuildFile; fileRef = 7AA544DC0DBB5D050BD54806 /* FxAPresenterSpec.swift */; };
		7AA546A2A19976883EB9CFE4 /* DataStore.swift in Sources */ = {isa = PBXBuildFile; fileRef = 7AA54EAE6E8D8E78F37BEA82 /* DataStore.swift */; };
		7AA546E44E75EC392E1AF728 /* RootViewSpec.swift in Sources */ = {isa = PBXBuildFile; fileRef = 7AA54C0FE8643E1EBE3D35B8 /* RootViewSpec.swift */; };
		7AA547376945C001B151491A /* ItemDetailAction.swift in Sources */ = {isa = PBXBuildFile; fileRef = 7AA54B41C60F04FA585E5B8F /* ItemDetailAction.swift */; };
		7AA5475B74B7DF69096101CE /* UIViewController+.swift in Sources */ = {isa = PBXBuildFile; fileRef = 7AA542656FC3BE06479C929A /* UIViewController+.swift */; };
		7AA5479682C7E2145B08BC07 /* Data+Spec.swift in Sources */ = {isa = PBXBuildFile; fileRef = 7AA541A2CBD1A142812687CE /* Data+Spec.swift */; };
		7AA547E098053DFF64A3C0F9 /* Assets.xcassets in Resources */ = {isa = PBXBuildFile; fileRef = 7AA54B40696590744930A579 /* Assets.xcassets */; };
		7AA547EF949CA76FC018402A /* ItemListCell.swift in Sources */ = {isa = PBXBuildFile; fileRef = 7AA546FD22761BBAAD41A800 /* ItemListCell.swift */; };
		7AA547F600FA69AF18A9D55C /* ProfileInfo.swift in Sources */ = {isa = PBXBuildFile; fileRef = 7AA540BD2A5F50B02F1FE714 /* ProfileInfo.swift */; };
		7AA548263012DE1D03950DE0 /* RouteStore.swift in Sources */ = {isa = PBXBuildFile; fileRef = 7AA54C369D0BF64704C8D5FB /* RouteStore.swift */; };
		7AA54843ADAB6552EDA77C81 /* ProfileInfoSpec.swift in Sources */ = {isa = PBXBuildFile; fileRef = 7AA546BF73E7AFEB663E5DA8 /* ProfileInfoSpec.swift */; };
		7AA54850D6DE1CD66D8C43AE /* UserInfoActionSpec.swift in Sources */ = {isa = PBXBuildFile; fileRef = 7AA54FC2201512347C683533 /* UserInfoActionSpec.swift */; };
		7AA54852A3EF5EBAB04AAD42 /* FxAStoreSpec.swift in Sources */ = {isa = PBXBuildFile; fileRef = 7AA54EA2449ADA0942EECA02 /* FxAStoreSpec.swift */; };
		7AA54869D92433B631B6560B /* MainNavigationController.swift in Sources */ = {isa = PBXBuildFile; fileRef = 7AA54C7A277D5D7C03F4F453 /* MainNavigationController.swift */; };
		7AA54896CA92B9048C531179 /* LoginNavigationControllerSpec.swift in Sources */ = {isa = PBXBuildFile; fileRef = 7AA54204B5AFD9672649ACF0 /* LoginNavigationControllerSpec.swift */; };
		7AA54896CDA4031B568DE386 /* ItemEntry.swift in Sources */ = {isa = PBXBuildFile; fileRef = 7AA547E5549B49D4E0D0368D /* ItemEntry.swift */; };
		7AA548BBE384D40397D26E9B /* RootView.swift in Sources */ = {isa = PBXBuildFile; fileRef = 7AA546C351E7D7C7DE3BEF0C /* RootView.swift */; };
		7AA549A0A09C07E547A5D0F0 /* OAuthInfo.swift in Sources */ = {isa = PBXBuildFile; fileRef = 7AA5455D02519DBA3D3711A9 /* OAuthInfo.swift */; };
		7AA549F77B3C142668BAE986 /* FxAActionSpec.swift in Sources */ = {isa = PBXBuildFile; fileRef = 7AA540B2CD80BD7AB0E09813 /* FxAActionSpec.swift */; };
		7AA54A03CA11221087E4F9F8 /* Date+Spec.swift in Sources */ = {isa = PBXBuildFile; fileRef = 7AA545A802C0592A820AD230 /* Date+Spec.swift */; };
		7AA54A58F7F289BAD2CE21C3 /* ErrorActionSpec.swift in Sources */ = {isa = PBXBuildFile; fileRef = 7AA545A7472772984D517CB0 /* ErrorActionSpec.swift */; };
		7AA54A743320656025DC5B3E /* ItemDetailCell.swift in Sources */ = {isa = PBXBuildFile; fileRef = 7AA547106248ADBADAF76239 /* ItemDetailCell.swift */; };
		7AA54B255317D07347416493 /* RouteStoreSpec.swift in Sources */ = {isa = PBXBuildFile; fileRef = 7AA54C53A73B2C31DAB76E08 /* RouteStoreSpec.swift */; };
		7AA54B2587BDE8D88215802C /* RootPresenterSpec.swift in Sources */ = {isa = PBXBuildFile; fileRef = 7AA54C72B63B2B4C8200F3F8 /* RootPresenterSpec.swift */; };
		7AA54B381C4053C210A6B8F2 /* ItemDetailViewSpec.swift in Sources */ = {isa = PBXBuildFile; fileRef = 7AA54B40E4D80EE455AEA16D /* ItemDetailViewSpec.swift */; };
		7AA54B936D967416C7AD4F3C /* Observable+.swift in Sources */ = {isa = PBXBuildFile; fileRef = 7AA54FE4F9D6DAEF984F63E6 /* Observable+.swift */; };
		7AA54BE3C277CF8AC0C4306A /* Date+.swift in Sources */ = {isa = PBXBuildFile; fileRef = 7AA5404248F72FC87CC4978B /* Date+.swift */; };
		7AA54BF8B62177DC348BFDA6 /* UIImage+.swift in Sources */ = {isa = PBXBuildFile; fileRef = 7AA542A3362BE85B313A88B8 /* UIImage+.swift */; };
		7AA54C1981A1295939512085 /* String+.swift in Sources */ = {isa = PBXBuildFile; fileRef = 7AA5444E03C80B7A8A0E4EE5 /* String+.swift */; };
		7AA54C4B886A9388A2BCE81A /* FxAPresenter.swift in Sources */ = {isa = PBXBuildFile; fileRef = 7AA548CFC3319394489DD10E /* FxAPresenter.swift */; };
		7AA54C6D0A4BEB2C3900424F /* Data+.swift in Sources */ = {isa = PBXBuildFile; fileRef = 7AA542F5012A5D2E954E030A /* Data+.swift */; };
		7AA54C8928B257655856C516 /* AppDelegate.swift in Sources */ = {isa = PBXBuildFile; fileRef = 7AA549BD9AE6A6DD82FDA434 /* AppDelegate.swift */; };
		7AA54CB0835678A0038E5424 /* RouteAction.swift in Sources */ = {isa = PBXBuildFile; fileRef = 7AA54E38ACC2FDBBF700D5E1 /* RouteAction.swift */; };
		7AA54D1ED03AB249CAAB75EC /* KeychainManager.swift in Sources */ = {isa = PBXBuildFile; fileRef = 7AA54ECD9692A1A74FC877A4 /* KeychainManager.swift */; };
		7AA54D2B9BA6B3140A7EE905 /* DataStoreActionIntegrationSpec.swift in Sources */ = {isa = PBXBuildFile; fileRef = 7AA5437C9484207EEC3C6B2E /* DataStoreActionIntegrationSpec.swift */; };
		7AA54D41D654320B1C2F9753 /* FxAViewSpec.swift in Sources */ = {isa = PBXBuildFile; fileRef = 7AA54FA1C4E24F4DDBA39D1B /* FxAViewSpec.swift */; };
		7AA54DC38FF49F029CDE96B3 /* Item.swift in Sources */ = {isa = PBXBuildFile; fileRef = 7AA546D5DCD090D9C9B24421 /* Item.swift */; };
		7AA54DD6E3A60AC511C4D53A /* RouteActionSpec.swift in Sources */ = {isa = PBXBuildFile; fileRef = 7AA5469D908525083C732018 /* RouteActionSpec.swift */; };
		7AA54DDC2527A59C773FAC3D /* Constants.swift in Sources */ = {isa = PBXBuildFile; fileRef = 7AA547418F6E716AEEE385F6 /* Constants.swift */; };
		7AA54DF06588E3B35E010980 /* DispatcherSpec.swift in Sources */ = {isa = PBXBuildFile; fileRef = 7AA54FFBEBCACA7A506F5C16 /* DispatcherSpec.swift */; };
		7AA54E03B01B57D89DE9CF6B /* Action.swift in Sources */ = {isa = PBXBuildFile; fileRef = 7AA5445B47B7A548F0F0E294 /* Action.swift */; };
		7AA54E698CA72C6C83804EAC /* CopyActionSpec.swift in Sources */ = {isa = PBXBuildFile; fileRef = 7AA54B7943446ED2E302C470 /* CopyActionSpec.swift */; };
		7AA54E83D68AA39FB3A895AF /* RootPresenter.swift in Sources */ = {isa = PBXBuildFile; fileRef = 7AA541C0A078BB02BFD7EB0B /* RootPresenter.swift */; };
		7AA54E848015F62023D3689C /* DataStoreAction.swift in Sources */ = {isa = PBXBuildFile; fileRef = 7AA54549204186237036B464 /* DataStoreAction.swift */; };
		7AA54EC3AFAEE0B4AEB3C670 /* AppInfo.swift in Sources */ = {isa = PBXBuildFile; fileRef = 7AA54A76AB52465AE5AE41E2 /* AppInfo.swift */; };
		7AA54EC7A9CA9BBD57AFEAF9 /* FilterCell.swift in Sources */ = {isa = PBXBuildFile; fileRef = 7AA54B0FC602D0A79D87D3BD /* FilterCell.swift */; };
		7AA54EEAB64EF8D9A7F48739 /* CopyConfirmationDisplayStoreSpec.swift in Sources */ = {isa = PBXBuildFile; fileRef = 7AA543307459610B170AFBD5 /* CopyConfirmationDisplayStoreSpec.swift */; };
		7AA54EFFC095AB3BC0BD1437 /* KeyManager.swift in Sources */ = {isa = PBXBuildFile; fileRef = 7AA5429D9DF4FAE7E3290C8E /* KeyManager.swift */; };
		7AA54F0C6779D207AC3DA3E5 /* Parser.swift in Sources */ = {isa = PBXBuildFile; fileRef = 7AA5445C1077C84873E7CB1C /* Parser.swift */; };
		7D0D0EDD1F9A5CE2007D8960 /* ItemSpec.swift in Sources */ = {isa = PBXBuildFile; fileRef = 7D0D0EDC1F9A5CE2007D8960 /* ItemSpec.swift */; };
		7D1B1ACE1F9902A500C1F5FF /* Nimble.framework in Frameworks */ = {isa = PBXBuildFile; fileRef = 7D1B1A8B1F98F86400C1F5FF /* Nimble.framework */; };
		7D1B1ACF1F9902A800C1F5FF /* Quick.framework in Frameworks */ = {isa = PBXBuildFile; fileRef = 7D1B1A8D1F98F86600C1F5FF /* Quick.framework */; };
		7D1B1AD11F9902B300C1F5FF /* Quick.framework in CopyFiles */ = {isa = PBXBuildFile; fileRef = 7D1B1A8D1F98F86600C1F5FF /* Quick.framework */; settings = {ATTRIBUTES = (CodeSignOnCopy, RemoveHeadersOnCopy, ); }; };
		7D1B1AD21F9902B300C1F5FF /* Nimble.framework in CopyFiles */ = {isa = PBXBuildFile; fileRef = 7D1B1A8B1F98F86400C1F5FF /* Nimble.framework */; settings = {ATTRIBUTES = (CodeSignOnCopy, RemoveHeadersOnCopy, ); }; };
		7D1B1AD41F9902C600C1F5FF /* DataStoreActionSpec.swift in Sources */ = {isa = PBXBuildFile; fileRef = 7D1B1AD31F9902C600C1F5FF /* DataStoreActionSpec.swift */; };
		7D1B22042033C57F0098C3A3 /* ItemDetailView.swift in Sources */ = {isa = PBXBuildFile; fileRef = 7D1B22032033C57F0098C3A3 /* ItemDetailView.swift */; };
		7D1B22062033C5880098C3A3 /* ItemDetailPresenter.swift in Sources */ = {isa = PBXBuildFile; fileRef = 7D1B22052033C5880098C3A3 /* ItemDetailPresenter.swift */; };
		7D1B22082033C6250098C3A3 /* ItemDetail.storyboard in Resources */ = {isa = PBXBuildFile; fileRef = 7D1B22072033C6250098C3A3 /* ItemDetail.storyboard */; };
		7D302BE81FD7106B00D2FD4B /* RxBlocking.framework in Frameworks */ = {isa = PBXBuildFile; fileRef = 7DF469C71F9F8FD500375C74 /* RxBlocking.framework */; };
		7D302BE91FD7108300D2FD4B /* RxBlocking.framework in CopyFiles */ = {isa = PBXBuildFile; fileRef = 7DF469C71F9F8FD500375C74 /* RxBlocking.framework */; settings = {ATTRIBUTES = (CodeSignOnCopy, RemoveHeadersOnCopy, ); }; };
		7D302BEA1FD7283600D2FD4B /* RxCocoa.framework in Frameworks */ = {isa = PBXBuildFile; fileRef = 7D9D64921F9F8EE300279C39 /* RxCocoa.framework */; };
		7D302BEB1FD7284600D2FD4B /* RxCocoa.framework in CopyFiles */ = {isa = PBXBuildFile; fileRef = 7D9D64921F9F8EE300279C39 /* RxCocoa.framework */; settings = {ATTRIBUTES = (CodeSignOnCopy, RemoveHeadersOnCopy, ); }; };
		7D30DBB32033651600613B69 /* EmptyList.xib in Resources */ = {isa = PBXBuildFile; fileRef = 7D30DBB52033651600613B69 /* EmptyList.xib */; };
		7D38849B1F992A0B0058DAFF /* WebViewSpec.swift in Sources */ = {isa = PBXBuildFile; fileRef = 7D38849A1F992A0B0058DAFF /* WebViewSpec.swift */; };
		7D38849C1F99374F0058DAFF /* lockbox-datastore in Resources */ = {isa = PBXBuildFile; fileRef = 7D1B1A991F98FC0600C1F5FF /* lockbox-datastore */; };
		7D3884A21F9A54D90058DAFF /* ParserSpec.swift in Sources */ = {isa = PBXBuildFile; fileRef = 7D3884A11F9A54D90058DAFF /* ParserSpec.swift */; };
		7D3920271FB131FB00709575 /* libcrypto.a in Frameworks */ = {isa = PBXBuildFile; fileRef = 7D3920231FB131FB00709575 /* libcrypto.a */; };
		7D3920281FB131FB00709575 /* libssl.a in Frameworks */ = {isa = PBXBuildFile; fileRef = 7D3920241FB131FB00709575 /* libssl.a */; };
		7D3920291FB131FB00709575 /* libjansson.a in Frameworks */ = {isa = PBXBuildFile; fileRef = 7D3920251FB131FB00709575 /* libjansson.a */; };
		7D39202A1FB131FB00709575 /* libcjose.a in Frameworks */ = {isa = PBXBuildFile; fileRef = 7D3920261FB131FB00709575 /* libcjose.a */; };
		7D39202C1FB215EB00709575 /* KeyManagerSpec.swift in Sources */ = {isa = PBXBuildFile; fileRef = 7D39202B1FB215EB00709575 /* KeyManagerSpec.swift */; };
		7D440889201786E4001873F6 /* WelcomeView.swift in Sources */ = {isa = PBXBuildFile; fileRef = 7D440888201786E4001873F6 /* WelcomeView.swift */; };
		7D44088B201786F1001873F6 /* WelcomePresenter.swift in Sources */ = {isa = PBXBuildFile; fileRef = 7D44088A201786F1001873F6 /* WelcomePresenter.swift */; };
		7D44088E20178713001873F6 /* WelcomePresenterSpec.swift in Sources */ = {isa = PBXBuildFile; fileRef = 7D44088C20178713001873F6 /* WelcomePresenterSpec.swift */; };
		7D44088F20178713001873F6 /* WelcomeViewSpec.swift in Sources */ = {isa = PBXBuildFile; fileRef = 7D44088D20178713001873F6 /* WelcomeViewSpec.swift */; };
		7D4D2B3A20362DC500238143 /* RxDataSources.framework in Frameworks */ = {isa = PBXBuildFile; fileRef = 7D320B3420360F9000891F73 /* RxDataSources.framework */; };
		7D4D2B3B20362DC500238143 /* RxDataSources.framework in CopyFiles */ = {isa = PBXBuildFile; fileRef = 7D320B3420360F9000891F73 /* RxDataSources.framework */; settings = {ATTRIBUTES = (CodeSignOnCopy, RemoveHeadersOnCopy, ); }; };
		7D522E9B20334B8600295FF8 /* Welcome.strings in Resources */ = {isa = PBXBuildFile; fileRef = 7D522E9D20334B8600295FF8 /* Welcome.strings */; };
		7D522EA620334C8200295FF8 /* Localizable.strings in Resources */ = {isa = PBXBuildFile; fileRef = 7D522EA820334C8200295FF8 /* Localizable.strings */; };
		7D5889F8205706AA0087DF89 /* ItemList.storyboard in Resources */ = {isa = PBXBuildFile; fileRef = 7D5889FA205706AA0087DF89 /* ItemList.storyboard */; };
		7D6FB87B204F00E2005E23AA /* StatusAlert.swift in Sources */ = {isa = PBXBuildFile; fileRef = 7D6FB87A204F00E2005E23AA /* StatusAlert.swift */; };
		7D7AD94B204EFBA4002D35EE /* StatusAlert.xib in Resources */ = {isa = PBXBuildFile; fileRef = 7D7AD94A204EFBA4002D35EE /* StatusAlert.xib */; };
		7D8296591F9FA4E800ED1ADD /* RxSwift.framework in CopyFiles */ = {isa = PBXBuildFile; fileRef = 7DF469C31F9F8F8000375C74 /* RxSwift.framework */; settings = {ATTRIBUTES = (CodeSignOnCopy, RemoveHeadersOnCopy, ); }; };
		7D88BD461F9A6F5B0082A838 /* ItemEntrySpec.swift in Sources */ = {isa = PBXBuildFile; fileRef = 7D88BD451F9A6F5B0082A838 /* ItemEntrySpec.swift */; };
		7D92DAF320586FBA00195A1B /* RxOptional.framework in Frameworks */ = {isa = PBXBuildFile; fileRef = 7D92DAF220586FBA00195A1B /* RxOptional.framework */; };
		7D92DAF420586FC200195A1B /* RxOptional.framework in CopyFiles */ = {isa = PBXBuildFile; fileRef = 7D92DAF220586FBA00195A1B /* RxOptional.framework */; settings = {ATTRIBUTES = (CodeSignOnCopy, RemoveHeadersOnCopy, ); }; };
		7DA4C6832028F84800B61DD8 /* ItemListView.swift in Sources */ = {isa = PBXBuildFile; fileRef = 7DA4C6802028F84800B61DD8 /* ItemListView.swift */; };
		7DA4C6862028F85A00B61DD8 /* ItemListPresenter.swift in Sources */ = {isa = PBXBuildFile; fileRef = 7DA4C6852028F85A00B61DD8 /* ItemListPresenter.swift */; };
		7DA4C68D2028F99200B61DD8 /* ItemListViewSpec.swift in Sources */ = {isa = PBXBuildFile; fileRef = 7DA4C6872028F86E00B61DD8 /* ItemListViewSpec.swift */; };
		7DA4C68E2028F99500B61DD8 /* ItemListPresenterSpec.swift in Sources */ = {isa = PBXBuildFile; fileRef = 7DA4C6892028F86E00B61DD8 /* ItemListPresenterSpec.swift */; };
		7DA4C68F2028F99800B61DD8 /* UIViewController+Spec.swift in Sources */ = {isa = PBXBuildFile; fileRef = 7DA4C6882028F86E00B61DD8 /* UIViewController+Spec.swift */; };
		7DA4C6932028FB0900B61DD8 /* UIColor+.swift in Sources */ = {isa = PBXBuildFile; fileRef = 7DA4C6902028FB0900B61DD8 /* UIColor+.swift */; };
		7DBF9B2D1FB22EB000A53364 /* libcjose.a in Frameworks */ = {isa = PBXBuildFile; fileRef = 7D3920261FB131FB00709575 /* libcjose.a */; };
		7DBF9B2E1FB22EB000A53364 /* libcrypto.a in Frameworks */ = {isa = PBXBuildFile; fileRef = 7D3920231FB131FB00709575 /* libcrypto.a */; };
		7DBF9B2F1FB22EB000A53364 /* libjansson.a in Frameworks */ = {isa = PBXBuildFile; fileRef = 7D3920251FB131FB00709575 /* libjansson.a */; };
		7DBF9B301FB22EB000A53364 /* libssl.a in Frameworks */ = {isa = PBXBuildFile; fileRef = 7D3920241FB131FB00709575 /* libssl.a */; };
		7DEA1C4320362E18008AD7C4 /* Differentiator.framework in Frameworks */ = {isa = PBXBuildFile; fileRef = 7DEA1C4120362E09008AD7C4 /* Differentiator.framework */; };
		7DEA1C4420362E18008AD7C4 /* Differentiator.framework in CopyFiles */ = {isa = PBXBuildFile; fileRef = 7DEA1C4120362E09008AD7C4 /* Differentiator.framework */; settings = {ATTRIBUTES = (CodeSignOnCopy, RemoveHeadersOnCopy, ); }; };
		7DEF297E203E3A2100ABC4AC /* EntryEditDisclaimer.xib in Resources */ = {isa = PBXBuildFile; fileRef = 7DEF2980203E3A2100ABC4AC /* EntryEditDisclaimer.xib */; };
		7DF469C41F9F8F8000375C74 /* RxSwift.framework in Frameworks */ = {isa = PBXBuildFile; fileRef = 7DF469C31F9F8F8000375C74 /* RxSwift.framework */; };
		7DF469CA1F9F8FDA00375C74 /* RxTest.framework in Frameworks */ = {isa = PBXBuildFile; fileRef = 7DF469C91F9F8FDA00375C74 /* RxTest.framework */; };
		7DF469CB1F9F8FE400375C74 /* RxTest.framework in CopyFiles */ = {isa = PBXBuildFile; fileRef = 7DF469C91F9F8FDA00375C74 /* RxTest.framework */; settings = {ATTRIBUTES = (CodeSignOnCopy, RemoveHeadersOnCopy, ); }; };
		D831FEDE204C925100EAE19A /* SettingsView.swift in Sources */ = {isa = PBXBuildFile; fileRef = D831FEDD204C925100EAE19A /* SettingsView.swift */; };
		D831FEE0204C92CD00EAE19A /* SettingsPresenter.swift in Sources */ = {isa = PBXBuildFile; fileRef = D831FEDF204C92CD00EAE19A /* SettingsPresenter.swift */; };
		D831FEE5205C522200EAE19A /* SettingsPresenterSpec.swift in Sources */ = {isa = PBXBuildFile; fileRef = D831FEE3205C518400EAE19A /* SettingsPresenterSpec.swift */; };
		D831FEE7205F3D5100EAE19A /* SettingsViewSpec.swift in Sources */ = {isa = PBXBuildFile; fileRef = D831FEE6205F3D5000EAE19A /* SettingsViewSpec.swift */; };
		D83C9FBF1FAD3D6100D08AAE /* Telemetry.framework in Frameworks */ = {isa = PBXBuildFile; fileRef = D83C9FBD1FAD3D5800D08AAE /* Telemetry.framework */; };
		D83C9FC01FAD3D6100D08AAE /* Telemetry.framework in CopyFiles */ = {isa = PBXBuildFile; fileRef = D83C9FBD1FAD3D5800D08AAE /* Telemetry.framework */; settings = {ATTRIBUTES = (CodeSignOnCopy, RemoveHeadersOnCopy, ); }; };
		D8D029262062F46600CC01C6 /* MainNavigationControllerSpec.swift in Sources */ = {isa = PBXBuildFile; fileRef = D8D029252062F46600CC01C6 /* MainNavigationControllerSpec.swift */; };
		D8FD41491FABD7BB0080D183 /* TelemetryIntegration.swift in Sources */ = {isa = PBXBuildFile; fileRef = D8FD41481FABD7BB0080D183 /* TelemetryIntegration.swift */; };
/* End PBXBuildFile section */

/* Begin PBXContainerItemProxy section */
		7D1B1AC91F99028D00C1F5FF /* PBXContainerItemProxy */ = {
			isa = PBXContainerItemProxy;
			containerPortal = 7D5DF86B1F87F2600039B23E /* Project object */;
			proxyType = 1;
			remoteGlobalIDString = 7D5DF8721F87F2600039B23E;
			remoteInfo = "lockbox-ios";
		};
/* End PBXContainerItemProxy section */

/* Begin PBXCopyFilesBuildPhase section */
		7D1B1AD01F9902AC00C1F5FF /* CopyFiles */ = {
			isa = PBXCopyFilesBuildPhase;
			buildActionMask = 2147483647;
			dstPath = "";
			dstSubfolderSpec = 10;
			files = (
				7D302BE91FD7108300D2FD4B /* RxBlocking.framework in CopyFiles */,
				7DF469CB1F9F8FE400375C74 /* RxTest.framework in CopyFiles */,
				7D1B1AD11F9902B300C1F5FF /* Quick.framework in CopyFiles */,
				7D1B1AD21F9902B300C1F5FF /* Nimble.framework in CopyFiles */,
			);
			runOnlyForDeploymentPostprocessing = 0;
		};
		7D8296581F9FA4DB00ED1ADD /* CopyFiles */ = {
			isa = PBXCopyFilesBuildPhase;
			buildActionMask = 2147483647;
			dstPath = "";
			dstSubfolderSpec = 10;
			files = (
				7D92DAF420586FC200195A1B /* RxOptional.framework in CopyFiles */,
				7D302BEB1FD7284600D2FD4B /* RxCocoa.framework in CopyFiles */,
				7DEA1C4420362E18008AD7C4 /* Differentiator.framework in CopyFiles */,
				7D8296591F9FA4E800ED1ADD /* RxSwift.framework in CopyFiles */,
				D83C9FC01FAD3D6100D08AAE /* Telemetry.framework in CopyFiles */,
				7D4D2B3B20362DC500238143 /* RxDataSources.framework in CopyFiles */,
			);
			runOnlyForDeploymentPostprocessing = 0;
		};
/* End PBXCopyFilesBuildPhase section */

/* Begin PBXFileReference section */
		7AA5404248F72FC87CC4978B /* Date+.swift */ = {isa = PBXFileReference; fileEncoding = 4; lastKnownFileType = sourcecode.swift; path = "Date+.swift"; sourceTree = "<group>"; };
		7AA5406822AB67B669BAF89B /* Info.plist */ = {isa = PBXFileReference; fileEncoding = 4; lastKnownFileType = text.plist.info; path = Info.plist; sourceTree = "<group>"; };
		7AA540ABA174D12707C616B4 /* KeychainManagerSpec.swift */ = {isa = PBXFileReference; fileEncoding = 4; lastKnownFileType = sourcecode.swift; path = KeychainManagerSpec.swift; sourceTree = "<group>"; };
		7AA540B2CD80BD7AB0E09813 /* FxAActionSpec.swift */ = {isa = PBXFileReference; fileEncoding = 4; lastKnownFileType = sourcecode.swift; path = FxAActionSpec.swift; sourceTree = "<group>"; };
		7AA540BD2A5F50B02F1FE714 /* ProfileInfo.swift */ = {isa = PBXFileReference; fileEncoding = 4; lastKnownFileType = sourcecode.swift; path = ProfileInfo.swift; sourceTree = "<group>"; };
		7AA54146E0C9269A0CE8D53A /* UserInfoStore.swift */ = {isa = PBXFileReference; fileEncoding = 4; lastKnownFileType = sourcecode.swift; path = UserInfoStore.swift; sourceTree = "<group>"; };
		7AA541A2CBD1A142812687CE /* Data+Spec.swift */ = {isa = PBXFileReference; fileEncoding = 4; lastKnownFileType = sourcecode.swift; path = "Data+Spec.swift"; sourceTree = "<group>"; };
		7AA541C0A078BB02BFD7EB0B /* RootPresenter.swift */ = {isa = PBXFileReference; fileEncoding = 4; lastKnownFileType = sourcecode.swift; path = RootPresenter.swift; sourceTree = "<group>"; };
		7AA54204B5AFD9672649ACF0 /* LoginNavigationControllerSpec.swift */ = {isa = PBXFileReference; fileEncoding = 4; lastKnownFileType = sourcecode.swift; path = LoginNavigationControllerSpec.swift; sourceTree = "<group>"; };
		7AA5420714A76D776F035603 /* buddybuild_prebuild.sh */ = {isa = PBXFileReference; fileEncoding = 4; lastKnownFileType = text.script.sh; path = buddybuild_prebuild.sh; sourceTree = "<group>"; };
		7AA54247F60B5BDC1BA90AD4 /* CopyConfirmationDisplayStore.swift */ = {isa = PBXFileReference; fileEncoding = 4; lastKnownFileType = sourcecode.swift; path = CopyConfirmationDisplayStore.swift; sourceTree = "<group>"; };
		7AA542656FC3BE06479C929A /* UIViewController+.swift */ = {isa = PBXFileReference; fileEncoding = 4; lastKnownFileType = sourcecode.swift; path = "UIViewController+.swift"; sourceTree = "<group>"; };
		7AA5429D9DF4FAE7E3290C8E /* KeyManager.swift */ = {isa = PBXFileReference; fileEncoding = 4; lastKnownFileType = sourcecode.swift; path = KeyManager.swift; sourceTree = "<group>"; };
		7AA542A3362BE85B313A88B8 /* UIImage+.swift */ = {isa = PBXFileReference; fileEncoding = 4; lastKnownFileType = sourcecode.swift; path = "UIImage+.swift"; sourceTree = "<group>"; };
		7AA542B3E1A27FC2B8806363 /* String+Spec.swift */ = {isa = PBXFileReference; fileEncoding = 4; lastKnownFileType = sourcecode.swift; path = "String+Spec.swift"; sourceTree = "<group>"; };
		7AA542F5012A5D2E954E030A /* Data+.swift */ = {isa = PBXFileReference; fileEncoding = 4; lastKnownFileType = sourcecode.swift; path = "Data+.swift"; sourceTree = "<group>"; };
		7AA54304F17F52F8B2C3D8BD /* ItemDetailPresenterSpec.swift */ = {isa = PBXFileReference; fileEncoding = 4; lastKnownFileType = sourcecode.swift; path = ItemDetailPresenterSpec.swift; sourceTree = "<group>"; };
		7AA54321DB9E1203005B9F14 /* LoginNavigationController.swift */ = {isa = PBXFileReference; fileEncoding = 4; lastKnownFileType = sourcecode.swift; path = LoginNavigationController.swift; sourceTree = "<group>"; };
		7AA543307459610B170AFBD5 /* CopyConfirmationDisplayStoreSpec.swift */ = {isa = PBXFileReference; fileEncoding = 4; lastKnownFileType = sourcecode.swift; path = CopyConfirmationDisplayStoreSpec.swift; sourceTree = "<group>"; };
		7AA54375CEA65C18E1EECFB4 /* bootstrap.sh */ = {isa = PBXFileReference; fileEncoding = 4; lastKnownFileType = text.script.sh; path = bootstrap.sh; sourceTree = "<group>"; };
		7AA5437C9484207EEC3C6B2E /* DataStoreActionIntegrationSpec.swift */ = {isa = PBXFileReference; fileEncoding = 4; lastKnownFileType = sourcecode.swift; path = DataStoreActionIntegrationSpec.swift; sourceTree = "<group>"; };
		7AA5439EEDE4AB222842E7C8 /* DataStoreSpec.swift */ = {isa = PBXFileReference; fileEncoding = 4; lastKnownFileType = sourcecode.swift; path = DataStoreSpec.swift; sourceTree = "<group>"; };
		7AA5444E03C80B7A8A0E4EE5 /* String+.swift */ = {isa = PBXFileReference; fileEncoding = 4; lastKnownFileType = sourcecode.swift; path = "String+.swift"; sourceTree = "<group>"; };
		7AA5445B47B7A548F0F0E294 /* Action.swift */ = {isa = PBXFileReference; fileEncoding = 4; lastKnownFileType = sourcecode.swift; path = Action.swift; sourceTree = "<group>"; };
		7AA5445C1077C84873E7CB1C /* Parser.swift */ = {isa = PBXFileReference; fileEncoding = 4; lastKnownFileType = sourcecode.swift; path = Parser.swift; sourceTree = "<group>"; };
		7AA544DC0DBB5D050BD54806 /* FxAPresenterSpec.swift */ = {isa = PBXFileReference; fileEncoding = 4; lastKnownFileType = sourcecode.swift; path = FxAPresenterSpec.swift; sourceTree = "<group>"; };
		7AA544EC2E10034239FCB256 /* OAuthInfoSpec.swift */ = {isa = PBXFileReference; fileEncoding = 4; lastKnownFileType = sourcecode.swift; path = OAuthInfoSpec.swift; sourceTree = "<group>"; };
		7AA5450E45A4DB17626F4684 /* WebView.swift */ = {isa = PBXFileReference; fileEncoding = 4; lastKnownFileType = sourcecode.swift; path = WebView.swift; sourceTree = "<group>"; };
		7AA54549204186237036B464 /* DataStoreAction.swift */ = {isa = PBXFileReference; fileEncoding = 4; lastKnownFileType = sourcecode.swift; path = DataStoreAction.swift; sourceTree = "<group>"; };
		7AA5455D02519DBA3D3711A9 /* OAuthInfo.swift */ = {isa = PBXFileReference; fileEncoding = 4; lastKnownFileType = sourcecode.swift; path = OAuthInfo.swift; sourceTree = "<group>"; };
		7AA54575C8FE51664E45ACD8 /* CopyAction.swift */ = {isa = PBXFileReference; fileEncoding = 4; lastKnownFileType = sourcecode.swift; path = CopyAction.swift; sourceTree = "<group>"; };
		7AA545A7472772984D517CB0 /* ErrorActionSpec.swift */ = {isa = PBXFileReference; fileEncoding = 4; lastKnownFileType = sourcecode.swift; path = ErrorActionSpec.swift; sourceTree = "<group>"; };
		7AA545A802C0592A820AD230 /* Date+Spec.swift */ = {isa = PBXFileReference; fileEncoding = 4; lastKnownFileType = sourcecode.swift; path = "Date+Spec.swift"; sourceTree = "<group>"; };
		7AA5469D908525083C732018 /* RouteActionSpec.swift */ = {isa = PBXFileReference; fileEncoding = 4; lastKnownFileType = sourcecode.swift; path = RouteActionSpec.swift; sourceTree = "<group>"; };
		7AA546BF73E7AFEB663E5DA8 /* ProfileInfoSpec.swift */ = {isa = PBXFileReference; fileEncoding = 4; lastKnownFileType = sourcecode.swift; path = ProfileInfoSpec.swift; sourceTree = "<group>"; };
		7AA546C351E7D7C7DE3BEF0C /* RootView.swift */ = {isa = PBXFileReference; fileEncoding = 4; lastKnownFileType = sourcecode.swift; path = RootView.swift; sourceTree = "<group>"; };
		7AA546C7687189844E3E3BBF /* mkdocs.yml */ = {isa = PBXFileReference; lastKnownFileType = file.yml; path = mkdocs.yml; sourceTree = "<group>"; };
		7AA546D5DCD090D9C9B24421 /* Item.swift */ = {isa = PBXFileReference; fileEncoding = 4; lastKnownFileType = sourcecode.swift; path = Item.swift; sourceTree = "<group>"; };
		7AA546FD22761BBAAD41A800 /* ItemListCell.swift */ = {isa = PBXFileReference; fileEncoding = 4; lastKnownFileType = sourcecode.swift; path = ItemListCell.swift; sourceTree = "<group>"; };
		7AA546FD320F8F1431F20092 /* codecov.yml */ = {isa = PBXFileReference; lastKnownFileType = file.yml; path = codecov.yml; sourceTree = "<group>"; };
		7AA547106248ADBADAF76239 /* ItemDetailCell.swift */ = {isa = PBXFileReference; fileEncoding = 4; lastKnownFileType = sourcecode.swift; path = ItemDetailCell.swift; sourceTree = "<group>"; };
		7AA547418F6E716AEEE385F6 /* Constants.swift */ = {isa = PBXFileReference; fileEncoding = 4; lastKnownFileType = sourcecode.swift; path = Constants.swift; sourceTree = "<group>"; };
		7AA547CE3404CC8123CA455D /* Observable+Spec.swift */ = {isa = PBXFileReference; fileEncoding = 4; lastKnownFileType = sourcecode.swift; path = "Observable+Spec.swift"; sourceTree = "<group>"; };
		7AA547E5549B49D4E0D0368D /* ItemEntry.swift */ = {isa = PBXFileReference; fileEncoding = 4; lastKnownFileType = sourcecode.swift; path = ItemEntry.swift; sourceTree = "<group>"; };
		7AA548CFC3319394489DD10E /* FxAPresenter.swift */ = {isa = PBXFileReference; fileEncoding = 4; lastKnownFileType = sourcecode.swift; path = FxAPresenter.swift; sourceTree = "<group>"; };
		7AA54915F5D12D1929527EDE /* FxAAction.swift */ = {isa = PBXFileReference; fileEncoding = 4; lastKnownFileType = sourcecode.swift; path = FxAAction.swift; sourceTree = "<group>"; };
		7AA5492DA3988625D1DAB5BD /* UserInfoAction.swift */ = {isa = PBXFileReference; fileEncoding = 4; lastKnownFileType = sourcecode.swift; path = UserInfoAction.swift; sourceTree = "<group>"; };
		7AA549BD9AE6A6DD82FDA434 /* AppDelegate.swift */ = {isa = PBXFileReference; fileEncoding = 4; lastKnownFileType = sourcecode.swift; path = AppDelegate.swift; sourceTree = "<group>"; };
		7AA549F525E77FA0FE9D9B54 /* buddybuild_postbuild.sh */ = {isa = PBXFileReference; fileEncoding = 4; lastKnownFileType = text.script.sh; path = buddybuild_postbuild.sh; sourceTree = "<group>"; };
		7AA54A76AB52465AE5AE41E2 /* AppInfo.swift */ = {isa = PBXFileReference; fileEncoding = 4; lastKnownFileType = sourcecode.swift; path = AppInfo.swift; sourceTree = "<group>"; };
		7AA54A831379DFCD181B2362 /* ItemDetailActionSpec.swift */ = {isa = PBXFileReference; fileEncoding = 4; lastKnownFileType = sourcecode.swift; path = ItemDetailActionSpec.swift; sourceTree = "<group>"; };
		7AA54B0FC602D0A79D87D3BD /* FilterCell.swift */ = {isa = PBXFileReference; fileEncoding = 4; lastKnownFileType = sourcecode.swift; path = FilterCell.swift; sourceTree = "<group>"; };
		7AA54B40696590744930A579 /* Assets.xcassets */ = {isa = PBXFileReference; lastKnownFileType = folder.assetcatalog; path = Assets.xcassets; sourceTree = "<group>"; };
		7AA54B40E4D80EE455AEA16D /* ItemDetailViewSpec.swift */ = {isa = PBXFileReference; fileEncoding = 4; lastKnownFileType = sourcecode.swift; path = ItemDetailViewSpec.swift; sourceTree = "<group>"; };
		7AA54B41C60F04FA585E5B8F /* ItemDetailAction.swift */ = {isa = PBXFileReference; fileEncoding = 4; lastKnownFileType = sourcecode.swift; path = ItemDetailAction.swift; sourceTree = "<group>"; };
		7AA54B7943446ED2E302C470 /* CopyActionSpec.swift */ = {isa = PBXFileReference; fileEncoding = 4; lastKnownFileType = sourcecode.swift; path = CopyActionSpec.swift; sourceTree = "<group>"; };
		7AA54C0FE8643E1EBE3D35B8 /* RootViewSpec.swift */ = {isa = PBXFileReference; fileEncoding = 4; lastKnownFileType = sourcecode.swift; path = RootViewSpec.swift; sourceTree = "<group>"; };
		7AA54C12A1BC616CA2344584 /* FxAView.swift */ = {isa = PBXFileReference; fileEncoding = 4; lastKnownFileType = sourcecode.swift; path = FxAView.swift; sourceTree = "<group>"; };
		7AA54C369D0BF64704C8D5FB /* RouteStore.swift */ = {isa = PBXFileReference; fileEncoding = 4; lastKnownFileType = sourcecode.swift; path = RouteStore.swift; sourceTree = "<group>"; };
		7AA54C53A73B2C31DAB76E08 /* RouteStoreSpec.swift */ = {isa = PBXFileReference; fileEncoding = 4; lastKnownFileType = sourcecode.swift; path = RouteStoreSpec.swift; sourceTree = "<group>"; };
		7AA54C72B63B2B4C8200F3F8 /* RootPresenterSpec.swift */ = {isa = PBXFileReference; fileEncoding = 4; lastKnownFileType = sourcecode.swift; path = RootPresenterSpec.swift; sourceTree = "<group>"; };
		7AA54C7A277D5D7C03F4F453 /* MainNavigationController.swift */ = {isa = PBXFileReference; fileEncoding = 4; lastKnownFileType = sourcecode.swift; path = MainNavigationController.swift; sourceTree = "<group>"; };
		7AA54CDEA56C47263160AD0E /* Dispatcher.swift */ = {isa = PBXFileReference; fileEncoding = 4; lastKnownFileType = sourcecode.swift; path = Dispatcher.swift; sourceTree = "<group>"; };
		7AA54D4248CF43B76BACDBD3 /* FxAStore.swift */ = {isa = PBXFileReference; fileEncoding = 4; lastKnownFileType = sourcecode.swift; path = FxAStore.swift; sourceTree = "<group>"; };
		7AA54D4E439D76B910034E2A /* ErrorAction.swift */ = {isa = PBXFileReference; fileEncoding = 4; lastKnownFileType = sourcecode.swift; path = ErrorAction.swift; sourceTree = "<group>"; };
		7AA54E126924935F1ADF4E8E /* ItemDetailStore.swift */ = {isa = PBXFileReference; fileEncoding = 4; lastKnownFileType = sourcecode.swift; path = ItemDetailStore.swift; sourceTree = "<group>"; };
		7AA54E38ACC2FDBBF700D5E1 /* RouteAction.swift */ = {isa = PBXFileReference; fileEncoding = 4; lastKnownFileType = sourcecode.swift; path = RouteAction.swift; sourceTree = "<group>"; };
		7AA54E826632AFFBA1677E5E /* UserInfoStoreSpec.swift */ = {isa = PBXFileReference; fileEncoding = 4; lastKnownFileType = sourcecode.swift; path = UserInfoStoreSpec.swift; sourceTree = "<group>"; };
		7AA54E9846C5A9F801A7FE1C /* README.md */ = {isa = PBXFileReference; fileEncoding = 4; lastKnownFileType = net.daringfireball.markdown; path = README.md; sourceTree = "<group>"; };
		7AA54EA2449ADA0942EECA02 /* FxAStoreSpec.swift */ = {isa = PBXFileReference; fileEncoding = 4; lastKnownFileType = sourcecode.swift; path = FxAStoreSpec.swift; sourceTree = "<group>"; };
		7AA54EAE6E8D8E78F37BEA82 /* DataStore.swift */ = {isa = PBXFileReference; fileEncoding = 4; lastKnownFileType = sourcecode.swift; path = DataStore.swift; sourceTree = "<group>"; };
		7AA54ECD9692A1A74FC877A4 /* KeychainManager.swift */ = {isa = PBXFileReference; fileEncoding = 4; lastKnownFileType = sourcecode.swift; path = KeychainManager.swift; sourceTree = "<group>"; };
		7AA54F13767439D644B91C5E /* lockbox-ios-Bridging-Header.h */ = {isa = PBXFileReference; fileEncoding = 4; lastKnownFileType = sourcecode.c.h; path = "lockbox-ios-Bridging-Header.h"; sourceTree = "<group>"; };
		7AA54FA1C4E24F4DDBA39D1B /* FxAViewSpec.swift */ = {isa = PBXFileReference; fileEncoding = 4; lastKnownFileType = sourcecode.swift; path = FxAViewSpec.swift; sourceTree = "<group>"; };
		7AA54FC2201512347C683533 /* UserInfoActionSpec.swift */ = {isa = PBXFileReference; fileEncoding = 4; lastKnownFileType = sourcecode.swift; path = UserInfoActionSpec.swift; sourceTree = "<group>"; };
		7AA54FCD6855E89F3B156F15 /* ItemDetailStoreSpec.swift */ = {isa = PBXFileReference; fileEncoding = 4; lastKnownFileType = sourcecode.swift; path = ItemDetailStoreSpec.swift; sourceTree = "<group>"; };
		7AA54FE4F9D6DAEF984F63E6 /* Observable+.swift */ = {isa = PBXFileReference; fileEncoding = 4; lastKnownFileType = sourcecode.swift; path = "Observable+.swift"; sourceTree = "<group>"; };
		7AA54FFBEBCACA7A506F5C16 /* DispatcherSpec.swift */ = {isa = PBXFileReference; fileEncoding = 4; lastKnownFileType = sourcecode.swift; path = DispatcherSpec.swift; sourceTree = "<group>"; };
		7D0D0EDC1F9A5CE2007D8960 /* ItemSpec.swift */ = {isa = PBXFileReference; lastKnownFileType = sourcecode.swift; path = ItemSpec.swift; sourceTree = "<group>"; };
		7D1B1A8B1F98F86400C1F5FF /* Nimble.framework */ = {isa = PBXFileReference; lastKnownFileType = wrapper.framework; name = Nimble.framework; path = Carthage/Build/iOS/Nimble.framework; sourceTree = "<group>"; };
		7D1B1A8D1F98F86600C1F5FF /* Quick.framework */ = {isa = PBXFileReference; lastKnownFileType = wrapper.framework; name = Quick.framework; path = Carthage/Build/iOS/Quick.framework; sourceTree = "<group>"; };
		7D1B1A991F98FC0600C1F5FF /* lockbox-datastore */ = {isa = PBXFileReference; lastKnownFileType = folder; name = "lockbox-datastore"; path = "lockbox-ios/lockbox-datastore"; sourceTree = "<group>"; };
		7D1B1AC41F99028D00C1F5FF /* LockboxTests.xctest */ = {isa = PBXFileReference; explicitFileType = wrapper.cfbundle; includeInIndex = 0; path = LockboxTests.xctest; sourceTree = BUILT_PRODUCTS_DIR; };
		7D1B1AC81F99028D00C1F5FF /* Info.plist */ = {isa = PBXFileReference; lastKnownFileType = text.plist.xml; path = Info.plist; sourceTree = "<group>"; };
		7D1B1AD31F9902C600C1F5FF /* DataStoreActionSpec.swift */ = {isa = PBXFileReference; lastKnownFileType = sourcecode.swift; path = DataStoreActionSpec.swift; sourceTree = "<group>"; };
		7D1B22032033C57F0098C3A3 /* ItemDetailView.swift */ = {isa = PBXFileReference; lastKnownFileType = sourcecode.swift; path = ItemDetailView.swift; sourceTree = "<group>"; };
		7D1B22052033C5880098C3A3 /* ItemDetailPresenter.swift */ = {isa = PBXFileReference; lastKnownFileType = sourcecode.swift; path = ItemDetailPresenter.swift; sourceTree = "<group>"; };
		7D1B22072033C6250098C3A3 /* ItemDetail.storyboard */ = {isa = PBXFileReference; lastKnownFileType = file.storyboard; path = ItemDetail.storyboard; sourceTree = "<group>"; };
		7D30DBB42033651600613B69 /* Base */ = {isa = PBXFileReference; lastKnownFileType = file.xib; name = Base; path = Base.lproj/EmptyList.xib; sourceTree = "<group>"; };
		7D30DBB72033651900613B69 /* en */ = {isa = PBXFileReference; lastKnownFileType = text.plist.strings; name = en; path = en.lproj/EmptyList.strings; sourceTree = "<group>"; };
		7D30DBB92033651A00613B69 /* es */ = {isa = PBXFileReference; lastKnownFileType = text.plist.strings; name = es; path = es.lproj/EmptyList.strings; sourceTree = "<group>"; };
		7D30DBBB2033651B00613B69 /* de */ = {isa = PBXFileReference; lastKnownFileType = text.plist.strings; name = de; path = de.lproj/EmptyList.strings; sourceTree = "<group>"; };
		7D320B3420360F9000891F73 /* RxDataSources.framework */ = {isa = PBXFileReference; lastKnownFileType = wrapper.framework; name = RxDataSources.framework; path = Carthage/Build/iOS/RxDataSources.framework; sourceTree = "<group>"; };
		7D38849A1F992A0B0058DAFF /* WebViewSpec.swift */ = {isa = PBXFileReference; lastKnownFileType = sourcecode.swift; path = WebViewSpec.swift; sourceTree = "<group>"; };
		7D3884A11F9A54D90058DAFF /* ParserSpec.swift */ = {isa = PBXFileReference; lastKnownFileType = sourcecode.swift; path = ParserSpec.swift; sourceTree = "<group>"; };
		7D3920231FB131FB00709575 /* libcrypto.a */ = {isa = PBXFileReference; lastKnownFileType = archive.ar; name = libcrypto.a; path = "lockbox-ios/binaries/libcrypto.a"; sourceTree = "<group>"; };
		7D3920241FB131FB00709575 /* libssl.a */ = {isa = PBXFileReference; lastKnownFileType = archive.ar; name = libssl.a; path = "lockbox-ios/binaries/libssl.a"; sourceTree = "<group>"; };
		7D3920251FB131FB00709575 /* libjansson.a */ = {isa = PBXFileReference; lastKnownFileType = archive.ar; name = libjansson.a; path = "lockbox-ios/binaries/libjansson.a"; sourceTree = "<group>"; };
		7D3920261FB131FB00709575 /* libcjose.a */ = {isa = PBXFileReference; lastKnownFileType = archive.ar; name = libcjose.a; path = "lockbox-ios/binaries/libcjose.a"; sourceTree = "<group>"; };
		7D39202B1FB215EB00709575 /* KeyManagerSpec.swift */ = {isa = PBXFileReference; lastKnownFileType = sourcecode.swift; path = KeyManagerSpec.swift; sourceTree = "<group>"; };
		7D440888201786E4001873F6 /* WelcomeView.swift */ = {isa = PBXFileReference; fileEncoding = 4; lastKnownFileType = sourcecode.swift; name = WelcomeView.swift; path = "lockbox-ios/View/WelcomeView.swift"; sourceTree = SOURCE_ROOT; };
		7D44088A201786F1001873F6 /* WelcomePresenter.swift */ = {isa = PBXFileReference; fileEncoding = 4; lastKnownFileType = sourcecode.swift; name = WelcomePresenter.swift; path = "lockbox-ios/Presenter/WelcomePresenter.swift"; sourceTree = SOURCE_ROOT; };
		7D44088C20178713001873F6 /* WelcomePresenterSpec.swift */ = {isa = PBXFileReference; fileEncoding = 4; lastKnownFileType = sourcecode.swift; path = WelcomePresenterSpec.swift; sourceTree = "<group>"; };
		7D44088D20178713001873F6 /* WelcomeViewSpec.swift */ = {isa = PBXFileReference; fileEncoding = 4; lastKnownFileType = sourcecode.swift; path = WelcomeViewSpec.swift; sourceTree = "<group>"; };
		7D522E9F20334B9F00295FF8 /* es */ = {isa = PBXFileReference; lastKnownFileType = text.plist.strings; name = es; path = es.lproj/Welcome.strings; sourceTree = "<group>"; };
		7D522EA120334BA000295FF8 /* de */ = {isa = PBXFileReference; lastKnownFileType = text.plist.strings; name = de; path = de.lproj/Welcome.strings; sourceTree = "<group>"; };
		7D522EA220334BD200295FF8 /* Base */ = {isa = PBXFileReference; lastKnownFileType = file.storyboard; name = Base; path = Base.lproj/Welcome.storyboard; sourceTree = "<group>"; };
		7D522EA320334BD800295FF8 /* en */ = {isa = PBXFileReference; lastKnownFileType = text.plist.strings; name = en; path = en.lproj/Welcome.strings; sourceTree = "<group>"; };
		7D522EA720334C8200295FF8 /* en */ = {isa = PBXFileReference; fileEncoding = 2483028224; lastKnownFileType = text.plist.strings; name = en; path = en.lproj/Localizable.strings; sourceTree = "<group>"; };
		7D522EA920334C8500295FF8 /* es */ = {isa = PBXFileReference; fileEncoding = 2483028224; lastKnownFileType = text.plist.strings; name = es; path = es.lproj/Localizable.strings; sourceTree = "<group>"; };
		7D522EAA20334C8600295FF8 /* de */ = {isa = PBXFileReference; fileEncoding = 2483028224; lastKnownFileType = text.plist.strings; name = de; path = de.lproj/Localizable.strings; sourceTree = "<group>"; };
		7D5889F9205706AA0087DF89 /* Base */ = {isa = PBXFileReference; lastKnownFileType = file.storyboard; name = Base; path = Base.lproj/ItemList.storyboard; sourceTree = "<group>"; };
		7D5889FC205706AB0087DF89 /* en */ = {isa = PBXFileReference; lastKnownFileType = text.plist.strings; name = en; path = en.lproj/ItemList.strings; sourceTree = "<group>"; };
		7D5889FE205706AD0087DF89 /* es */ = {isa = PBXFileReference; lastKnownFileType = text.plist.strings; name = es; path = es.lproj/ItemList.strings; sourceTree = "<group>"; };
		7D588A00205706AD0087DF89 /* de */ = {isa = PBXFileReference; lastKnownFileType = text.plist.strings; name = de; path = de.lproj/ItemList.strings; sourceTree = "<group>"; };
		7D5DF8731F87F2600039B23E /* Lockbox.app */ = {isa = PBXFileReference; explicitFileType = wrapper.application; includeInIndex = 0; path = Lockbox.app; sourceTree = BUILT_PRODUCTS_DIR; };
		7D6FB87A204F00E2005E23AA /* StatusAlert.swift */ = {isa = PBXFileReference; lastKnownFileType = sourcecode.swift; path = StatusAlert.swift; sourceTree = "<group>"; };
		7D7AD94A204EFBA4002D35EE /* StatusAlert.xib */ = {isa = PBXFileReference; lastKnownFileType = file.xib; path = StatusAlert.xib; sourceTree = "<group>"; };
		7D88BD451F9A6F5B0082A838 /* ItemEntrySpec.swift */ = {isa = PBXFileReference; lastKnownFileType = sourcecode.swift; path = ItemEntrySpec.swift; sourceTree = "<group>"; };
		7D92DAF220586FBA00195A1B /* RxOptional.framework */ = {isa = PBXFileReference; lastKnownFileType = wrapper.framework; name = RxOptional.framework; path = Carthage/Build/iOS/RxOptional.framework; sourceTree = "<group>"; };
		7D9D64921F9F8EE300279C39 /* RxCocoa.framework */ = {isa = PBXFileReference; lastKnownFileType = wrapper.framework; name = RxCocoa.framework; path = Carthage/Build/iOS/RxCocoa.framework; sourceTree = "<group>"; };
		7DA4C6802028F84800B61DD8 /* ItemListView.swift */ = {isa = PBXFileReference; fileEncoding = 4; lastKnownFileType = sourcecode.swift; path = ItemListView.swift; sourceTree = "<group>"; };
		7DA4C6852028F85A00B61DD8 /* ItemListPresenter.swift */ = {isa = PBXFileReference; fileEncoding = 4; lastKnownFileType = sourcecode.swift; path = ItemListPresenter.swift; sourceTree = "<group>"; };
		7DA4C6872028F86E00B61DD8 /* ItemListViewSpec.swift */ = {isa = PBXFileReference; fileEncoding = 4; lastKnownFileType = sourcecode.swift; path = ItemListViewSpec.swift; sourceTree = "<group>"; };
		7DA4C6882028F86E00B61DD8 /* UIViewController+Spec.swift */ = {isa = PBXFileReference; fileEncoding = 4; lastKnownFileType = sourcecode.swift; path = "UIViewController+Spec.swift"; sourceTree = "<group>"; };
		7DA4C6892028F86E00B61DD8 /* ItemListPresenterSpec.swift */ = {isa = PBXFileReference; fileEncoding = 4; lastKnownFileType = sourcecode.swift; path = ItemListPresenterSpec.swift; sourceTree = "<group>"; };
		7DA4C6902028FB0900B61DD8 /* UIColor+.swift */ = {isa = PBXFileReference; fileEncoding = 4; lastKnownFileType = sourcecode.swift; path = "UIColor+.swift"; sourceTree = "<group>"; };
		7DEA1C4120362E09008AD7C4 /* Differentiator.framework */ = {isa = PBXFileReference; lastKnownFileType = wrapper.framework; name = Differentiator.framework; path = Carthage/Build/iOS/Differentiator.framework; sourceTree = "<group>"; };
		7DEF297F203E3A2100ABC4AC /* Base */ = {isa = PBXFileReference; lastKnownFileType = file.xib; name = Base; path = Base.lproj/EntryEditDisclaimer.xib; sourceTree = "<group>"; };
		7DEF2982203E3A2300ABC4AC /* en */ = {isa = PBXFileReference; lastKnownFileType = text.plist.strings; name = en; path = en.lproj/EntryEditDisclaimer.strings; sourceTree = "<group>"; };
		7DEF2984203E3A2400ABC4AC /* de */ = {isa = PBXFileReference; lastKnownFileType = text.plist.strings; name = de; path = de.lproj/EntryEditDisclaimer.strings; sourceTree = "<group>"; };
		7DEF2986203E3A2500ABC4AC /* es */ = {isa = PBXFileReference; lastKnownFileType = text.plist.strings; name = es; path = es.lproj/EntryEditDisclaimer.strings; sourceTree = "<group>"; };
		7DF469C31F9F8F8000375C74 /* RxSwift.framework */ = {isa = PBXFileReference; lastKnownFileType = wrapper.framework; name = RxSwift.framework; path = Carthage/Build/iOS/RxSwift.framework; sourceTree = "<group>"; };
		7DF469C71F9F8FD500375C74 /* RxBlocking.framework */ = {isa = PBXFileReference; lastKnownFileType = wrapper.framework; name = RxBlocking.framework; path = Carthage/Build/iOS/RxBlocking.framework; sourceTree = "<group>"; };
		7DF469C91F9F8FDA00375C74 /* RxTest.framework */ = {isa = PBXFileReference; lastKnownFileType = wrapper.framework; name = RxTest.framework; path = Carthage/Build/iOS/RxTest.framework; sourceTree = "<group>"; };
		D831FEDD204C925100EAE19A /* SettingsView.swift */ = {isa = PBXFileReference; lastKnownFileType = sourcecode.swift; path = SettingsView.swift; sourceTree = "<group>"; };
		D831FEDF204C92CD00EAE19A /* SettingsPresenter.swift */ = {isa = PBXFileReference; lastKnownFileType = sourcecode.swift; path = SettingsPresenter.swift; sourceTree = "<group>"; };
		D831FEE3205C518400EAE19A /* SettingsPresenterSpec.swift */ = {isa = PBXFileReference; lastKnownFileType = sourcecode.swift; path = SettingsPresenterSpec.swift; sourceTree = "<group>"; };
		D831FEE6205F3D5000EAE19A /* SettingsViewSpec.swift */ = {isa = PBXFileReference; lastKnownFileType = sourcecode.swift; path = SettingsViewSpec.swift; sourceTree = "<group>"; };
		D83C9FBD1FAD3D5800D08AAE /* Telemetry.framework */ = {isa = PBXFileReference; lastKnownFileType = wrapper.framework; name = Telemetry.framework; path = Carthage/Build/iOS/Telemetry.framework; sourceTree = "<group>"; };
		D8D029252062F46600CC01C6 /* MainNavigationControllerSpec.swift */ = {isa = PBXFileReference; lastKnownFileType = sourcecode.swift; path = MainNavigationControllerSpec.swift; sourceTree = "<group>"; };
		D8FD41481FABD7BB0080D183 /* TelemetryIntegration.swift */ = {isa = PBXFileReference; lastKnownFileType = sourcecode.swift; path = TelemetryIntegration.swift; sourceTree = "<group>"; };
/* End PBXFileReference section */

/* Begin PBXFrameworksBuildPhase section */
		7D1B1AC11F99028D00C1F5FF /* Frameworks */ = {
			isa = PBXFrameworksBuildPhase;
			buildActionMask = 2147483647;
			files = (
				7D1B1ACE1F9902A500C1F5FF /* Nimble.framework in Frameworks */,
				7D1B1ACF1F9902A800C1F5FF /* Quick.framework in Frameworks */,
				7DF469CA1F9F8FDA00375C74 /* RxTest.framework in Frameworks */,
				7D302BE81FD7106B00D2FD4B /* RxBlocking.framework in Frameworks */,
				7DBF9B2D1FB22EB000A53364 /* libcjose.a in Frameworks */,
				7DBF9B2E1FB22EB000A53364 /* libcrypto.a in Frameworks */,
				7DBF9B2F1FB22EB000A53364 /* libjansson.a in Frameworks */,
				7DBF9B301FB22EB000A53364 /* libssl.a in Frameworks */,
			);
			runOnlyForDeploymentPostprocessing = 0;
		};
		7D5DF8701F87F2600039B23E /* Frameworks */ = {
			isa = PBXFrameworksBuildPhase;
			buildActionMask = 2147483647;
			files = (
				7D92DAF320586FBA00195A1B /* RxOptional.framework in Frameworks */,
				7D4D2B3A20362DC500238143 /* RxDataSources.framework in Frameworks */,
				7DEA1C4320362E18008AD7C4 /* Differentiator.framework in Frameworks */,
				7DF469C41F9F8F8000375C74 /* RxSwift.framework in Frameworks */,
				7D302BEA1FD7283600D2FD4B /* RxCocoa.framework in Frameworks */,
				D83C9FBF1FAD3D6100D08AAE /* Telemetry.framework in Frameworks */,
				7D3920271FB131FB00709575 /* libcrypto.a in Frameworks */,
				7D3920281FB131FB00709575 /* libssl.a in Frameworks */,
				7D3920291FB131FB00709575 /* libjansson.a in Frameworks */,
				7D39202A1FB131FB00709575 /* libcjose.a in Frameworks */,
			);
			runOnlyForDeploymentPostprocessing = 0;
		};
/* End PBXFrameworksBuildPhase section */

/* Begin PBXGroup section */
		7AA5403F35CF14D1BF44EE23 /* Flux */ = {
			isa = PBXGroup;
			children = (
				7AA54CDEA56C47263160AD0E /* Dispatcher.swift */,
				7AA5445B47B7A548F0F0E294 /* Action.swift */,
			);
			path = Flux;
			sourceTree = "<group>";
		};
		7AA5421C8732A742BDC9B7AE /* Presenter */ = {
			isa = PBXGroup;
			children = (
				7DA4C6852028F85A00B61DD8 /* ItemListPresenter.swift */,
				7D44088A201786F1001873F6 /* WelcomePresenter.swift */,
				7AA548CFC3319394489DD10E /* FxAPresenter.swift */,
				7AA541C0A078BB02BFD7EB0B /* RootPresenter.swift */,
				7D1B22052033C5880098C3A3 /* ItemDetailPresenter.swift */,
				D831FEDF204C92CD00EAE19A /* SettingsPresenter.swift */,
			);
			path = Presenter;
			sourceTree = "<group>";
		};
		7AA54273E00B828CAEA30FA9 /* Common */ = {
			isa = PBXGroup;
			children = (
				7AA549BD9AE6A6DD82FDA434 /* AppDelegate.swift */,
				7AA5403F35CF14D1BF44EE23 /* Flux */,
				7AA54C03E372B15AC9309717 /* Extensions */,
				7AA545D81CFDA7E54485C845 /* Helpers */,
				7AA547FECD9BACFBEE60F8B8 /* Resources */,
			);
			path = Common;
			sourceTree = "<group>";
		};
		7AA542C9A0C1CC916E3C8050 /* Model */ = {
			isa = PBXGroup;
			children = (
				7AA547E5549B49D4E0D0368D /* ItemEntry.swift */,
				7AA546D5DCD090D9C9B24421 /* Item.swift */,
				7AA5455D02519DBA3D3711A9 /* OAuthInfo.swift */,
				7AA540BD2A5F50B02F1FE714 /* ProfileInfo.swift */,
				7AA54A76AB52465AE5AE41E2 /* AppInfo.swift */,
			);
			path = Model;
			sourceTree = "<group>";
		};
		7AA5453C4865C63179179FE2 /* Store */ = {
			isa = PBXGroup;
			children = (
				7AA54C369D0BF64704C8D5FB /* RouteStore.swift */,
				7AA54EAE6E8D8E78F37BEA82 /* DataStore.swift */,
				7AA54D4248CF43B76BACDBD3 /* FxAStore.swift */,
				7AA54146E0C9269A0CE8D53A /* UserInfoStore.swift */,
				7AA54E126924935F1ADF4E8E /* ItemDetailStore.swift */,
				7AA54247F60B5BDC1BA90AD4 /* CopyConfirmationDisplayStore.swift */,
			);
			path = Store;
			sourceTree = "<group>";
		};
		7AA545D81CFDA7E54485C845 /* Helpers */ = {
			isa = PBXGroup;
			children = (
				7AA5445C1077C84873E7CB1C /* Parser.swift */,
				7AA5429D9DF4FAE7E3290C8E /* KeyManager.swift */,
				7AA54ECD9692A1A74FC877A4 /* KeychainManager.swift */,
			);
			path = Helpers;
			sourceTree = "<group>";
		};
		7AA5463052854371E7D28818 /* TableViewCell */ = {
			isa = PBXGroup;
			children = (
				7AA546FD22761BBAAD41A800 /* ItemListCell.swift */,
				7AA547106248ADBADAF76239 /* ItemDetailCell.swift */,
				7AA54B0FC602D0A79D87D3BD /* FilterCell.swift */,
			);
			path = TableViewCell;
			sourceTree = "<group>";
		};
		7AA54792ED918CF9CE82AED0 /* Action */ = {
			isa = PBXGroup;
			children = (
				7AA54E38ACC2FDBBF700D5E1 /* RouteAction.swift */,
				7AA54549204186237036B464 /* DataStoreAction.swift */,
				7AA54D4E439D76B910034E2A /* ErrorAction.swift */,
				7AA54915F5D12D1929527EDE /* FxAAction.swift */,
				7AA5492DA3988625D1DAB5BD /* UserInfoAction.swift */,
				7AA54B41C60F04FA585E5B8F /* ItemDetailAction.swift */,
				7AA54575C8FE51664E45ACD8 /* CopyAction.swift */,
			);
			path = Action;
			sourceTree = "<group>";
		};
		7AA547FECD9BACFBEE60F8B8 /* Resources */ = {
			isa = PBXGroup;
			children = (
				7D522E952033473F00295FF8 /* Strings */,
				7AA54B40696590744930A579 /* Assets.xcassets */,
				7AA5406822AB67B669BAF89B /* Info.plist */,
				7AA54F13767439D644B91C5E /* lockbox-ios-Bridging-Header.h */,
				7AA547418F6E716AEEE385F6 /* Constants.swift */,
			);
			path = Resources;
			sourceTree = "<group>";
		};
		7AA54A24CBF866544D764232 /* Storyboard */ = {
			isa = PBXGroup;
			children = (
				7D522E9D20334B8600295FF8 /* Welcome.strings */,
				7D5889FA205706AA0087DF89 /* ItemList.storyboard */,
				7D1B22072033C6250098C3A3 /* ItemDetail.storyboard */,
				7D30DBB52033651600613B69 /* EmptyList.xib */,
				7DEF2980203E3A2100ABC4AC /* EntryEditDisclaimer.xib */,
				7D7AD94A204EFBA4002D35EE /* StatusAlert.xib */,
			);
			path = Storyboard;
			sourceTree = "<group>";
		};
		7AA54C03E372B15AC9309717 /* Extensions */ = {
			isa = PBXGroup;
			children = (
				7DA4C6902028FB0900B61DD8 /* UIColor+.swift */,
				7AA5444E03C80B7A8A0E4EE5 /* String+.swift */,
				7AA542F5012A5D2E954E030A /* Data+.swift */,
				7AA542656FC3BE06479C929A /* UIViewController+.swift */,
				7AA5450E45A4DB17626F4684 /* WebView.swift */,
				7AA54FE4F9D6DAEF984F63E6 /* Observable+.swift */,
				7AA542A3362BE85B313A88B8 /* UIImage+.swift */,
				7AA5404248F72FC87CC4978B /* Date+.swift */,
			);
			path = Extensions;
			sourceTree = "<group>";
		};
		7AA54DA4730C3E100B6C8DE5 /* NavigationController */ = {
			isa = PBXGroup;
			children = (
				7AA54321DB9E1203005B9F14 /* LoginNavigationController.swift */,
				7AA54C7A277D5D7C03F4F453 /* MainNavigationController.swift */,
			);
			path = NavigationController;
			sourceTree = "<group>";
		};
		7AA54EC09D632CC1504DA24E /* View */ = {
			isa = PBXGroup;
			children = (
				7DA4C6802028F84800B61DD8 /* ItemListView.swift */,
				7D440888201786E4001873F6 /* WelcomeView.swift */,
				7AA54C12A1BC616CA2344584 /* FxAView.swift */,
				7AA546C351E7D7C7DE3BEF0C /* RootView.swift */,
				7D1B22032033C57F0098C3A3 /* ItemDetailView.swift */,
				7AA54DA4730C3E100B6C8DE5 /* NavigationController */,
				7AA5463052854371E7D28818 /* TableViewCell */,
				D831FEDD204C925100EAE19A /* SettingsView.swift */,
				7D6FB87A204F00E2005E23AA /* StatusAlert.swift */,
			);
			path = View;
			sourceTree = "<group>";
		};
		7D1B1A8A1F98F86400C1F5FF /* Frameworks */ = {
			isa = PBXGroup;
			children = (
				7D92DAF220586FBA00195A1B /* RxOptional.framework */,
				7DEA1C4120362E09008AD7C4 /* Differentiator.framework */,
				7D320B3420360F9000891F73 /* RxDataSources.framework */,
				D83C9FBD1FAD3D5800D08AAE /* Telemetry.framework */,
				7D3920261FB131FB00709575 /* libcjose.a */,
				7D3920231FB131FB00709575 /* libcrypto.a */,
				7D3920251FB131FB00709575 /* libjansson.a */,
				7D3920241FB131FB00709575 /* libssl.a */,
				7DF469C91F9F8FDA00375C74 /* RxTest.framework */,
				7DF469C71F9F8FD500375C74 /* RxBlocking.framework */,
				7DF469C31F9F8F8000375C74 /* RxSwift.framework */,
				7D9D64921F9F8EE300279C39 /* RxCocoa.framework */,
				7D1B1A8D1F98F86600C1F5FF /* Quick.framework */,
				7D1B1A8B1F98F86400C1F5FF /* Nimble.framework */,
			);
			name = Frameworks;
			sourceTree = "<group>";
		};
		7D1B1AC51F99028D00C1F5FF /* lockbox-iosTests */ = {
			isa = PBXGroup;
			children = (
				7DA4C6892028F86E00B61DD8 /* ItemListPresenterSpec.swift */,
				7DA4C6872028F86E00B61DD8 /* ItemListViewSpec.swift */,
				7DA4C6882028F86E00B61DD8 /* UIViewController+Spec.swift */,
				7D44088C20178713001873F6 /* WelcomePresenterSpec.swift */,
				7D44088D20178713001873F6 /* WelcomeViewSpec.swift */,
				7D1B1AC81F99028D00C1F5FF /* Info.plist */,
				7D1B1AD31F9902C600C1F5FF /* DataStoreActionSpec.swift */,
				7D38849A1F992A0B0058DAFF /* WebViewSpec.swift */,
				7D3884A11F9A54D90058DAFF /* ParserSpec.swift */,
				7D0D0EDC1F9A5CE2007D8960 /* ItemSpec.swift */,
				7D88BD451F9A6F5B0082A838 /* ItemEntrySpec.swift */,
				7D39202B1FB215EB00709575 /* KeyManagerSpec.swift */,
				7AA542B3E1A27FC2B8806363 /* String+Spec.swift */,
				7AA541A2CBD1A142812687CE /* Data+Spec.swift */,
				7AA544DC0DBB5D050BD54806 /* FxAPresenterSpec.swift */,
				7AA544EC2E10034239FCB256 /* OAuthInfoSpec.swift */,
				7AA54FA1C4E24F4DDBA39D1B /* FxAViewSpec.swift */,
				7AA546BF73E7AFEB663E5DA8 /* ProfileInfoSpec.swift */,
				7AA540ABA174D12707C616B4 /* KeychainManagerSpec.swift */,
				7AA5437C9484207EEC3C6B2E /* DataStoreActionIntegrationSpec.swift */,
				7AA54FFBEBCACA7A506F5C16 /* DispatcherSpec.swift */,
				7AA547CE3404CC8123CA455D /* Observable+Spec.swift */,
				7AA545A7472772984D517CB0 /* ErrorActionSpec.swift */,
				7AA5439EEDE4AB222842E7C8 /* DataStoreSpec.swift */,
				7AA54C53A73B2C31DAB76E08 /* RouteStoreSpec.swift */,
				7AA5469D908525083C732018 /* RouteActionSpec.swift */,
				7AA54EA2449ADA0942EECA02 /* FxAStoreSpec.swift */,
				7AA540B2CD80BD7AB0E09813 /* FxAActionSpec.swift */,
				7AA54E826632AFFBA1677E5E /* UserInfoStoreSpec.swift */,
				7AA54C72B63B2B4C8200F3F8 /* RootPresenterSpec.swift */,
				7AA54C0FE8643E1EBE3D35B8 /* RootViewSpec.swift */,
				7AA54204B5AFD9672649ACF0 /* LoginNavigationControllerSpec.swift */,
				7AA54304F17F52F8B2C3D8BD /* ItemDetailPresenterSpec.swift */,
				7AA54B40E4D80EE455AEA16D /* ItemDetailViewSpec.swift */,
				7AA54FCD6855E89F3B156F15 /* ItemDetailStoreSpec.swift */,
				7AA54A831379DFCD181B2362 /* ItemDetailActionSpec.swift */,
				7AA54B7943446ED2E302C470 /* CopyActionSpec.swift */,
				7AA543307459610B170AFBD5 /* CopyConfirmationDisplayStoreSpec.swift */,
				D831FEE3205C518400EAE19A /* SettingsPresenterSpec.swift */,
				D831FEE6205F3D5000EAE19A /* SettingsViewSpec.swift */,
				7AA545A802C0592A820AD230 /* Date+Spec.swift */,
				7AA54FC2201512347C683533 /* UserInfoActionSpec.swift */,
				D8D029252062F46600CC01C6 /* MainNavigationControllerSpec.swift */,
			);
			path = "lockbox-iosTests";
			sourceTree = "<group>";
		};
		7D522E952033473F00295FF8 /* Strings */ = {
			isa = PBXGroup;
			children = (
				7D522EA820334C8200295FF8 /* Localizable.strings */,
			);
			path = Strings;
			sourceTree = "<group>";
		};
		7D5DF86A1F87F2600039B23E = {
			isa = PBXGroup;
			children = (
				7D1B1A991F98FC0600C1F5FF /* lockbox-datastore */,
				7D5DF8751F87F2600039B23E /* lockbox-ios */,
				7D1B1AC51F99028D00C1F5FF /* lockbox-iosTests */,
				7D5DF8741F87F2600039B23E /* Products */,
				7D1B1A8A1F98F86400C1F5FF /* Frameworks */,
				7AA54E9846C5A9F801A7FE1C /* README.md */,
				7AA54375CEA65C18E1EECFB4 /* bootstrap.sh */,
				7AA5420714A76D776F035603 /* buddybuild_prebuild.sh */,
				7AA546FD320F8F1431F20092 /* codecov.yml */,
				7AA546C7687189844E3E3BBF /* mkdocs.yml */,
				7AA549F525E77FA0FE9D9B54 /* buddybuild_postbuild.sh */,
			);
			sourceTree = "<group>";
		};
		7D5DF8741F87F2600039B23E /* Products */ = {
			isa = PBXGroup;
			children = (
				7D5DF8731F87F2600039B23E /* Lockbox.app */,
				7D1B1AC41F99028D00C1F5FF /* LockboxTests.xctest */,
			);
			name = Products;
			sourceTree = "<group>";
		};
		7D5DF8751F87F2600039B23E /* lockbox-ios */ = {
			isa = PBXGroup;
			children = (
				D8FD41481FABD7BB0080D183 /* TelemetryIntegration.swift */,
				7AA542C9A0C1CC916E3C8050 /* Model */,
				7AA54273E00B828CAEA30FA9 /* Common */,
				7AA5453C4865C63179179FE2 /* Store */,
				7AA5421C8732A742BDC9B7AE /* Presenter */,
				7AA54EC09D632CC1504DA24E /* View */,
				7AA54792ED918CF9CE82AED0 /* Action */,
				7AA54A24CBF866544D764232 /* Storyboard */,
			);
			path = "lockbox-ios";
			sourceTree = "<group>";
		};
/* End PBXGroup section */

/* Begin PBXNativeTarget section */
		7D1B1AC31F99028D00C1F5FF /* LockboxTests */ = {
			isa = PBXNativeTarget;
			buildConfigurationList = 7D1B1ACB1F99028D00C1F5FF /* Build configuration list for PBXNativeTarget "LockboxTests" */;
			buildPhases = (
				7D1B1AC01F99028D00C1F5FF /* Sources */,
				7D1B1AC11F99028D00C1F5FF /* Frameworks */,
				7D1B1AC21F99028D00C1F5FF /* Resources */,
				7D1B1AD01F9902AC00C1F5FF /* CopyFiles */,
			);
			buildRules = (
			);
			dependencies = (
				7D1B1ACA1F99028D00C1F5FF /* PBXTargetDependency */,
			);
			name = LockboxTests;
			productName = "lockbox-iosTests";
			productReference = 7D1B1AC41F99028D00C1F5FF /* LockboxTests.xctest */;
			productType = "com.apple.product-type.bundle.unit-test";
		};
		7D5DF8721F87F2600039B23E /* Lockbox */ = {
			isa = PBXNativeTarget;
			buildConfigurationList = 7D5DF8901F87F2600039B23E /* Build configuration list for PBXNativeTarget "Lockbox" */;
			buildPhases = (
				7D651D68203CE50700BD9B6E /* ShellScript */,
				7D5DF86F1F87F2600039B23E /* Sources */,
				7D5DF8701F87F2600039B23E /* Frameworks */,
				7D5DF8711F87F2600039B23E /* Resources */,
				7D8296581F9FA4DB00ED1ADD /* CopyFiles */,
			);
			buildRules = (
			);
			dependencies = (
			);
			name = Lockbox;
			productName = "lockbox-exploration";
			productReference = 7D5DF8731F87F2600039B23E /* Lockbox.app */;
			productType = "com.apple.product-type.application";
		};
/* End PBXNativeTarget section */

/* Begin PBXProject section */
		7D5DF86B1F87F2600039B23E /* Project object */ = {
			isa = PBXProject;
			attributes = {
				LastSwiftUpdateCheck = 0900;
				LastUpgradeCheck = 0920;
				ORGANIZATIONNAME = "Sasha Heinen";
				TargetAttributes = {
					7D1B1AC31F99028D00C1F5FF = {
						CreatedOnToolsVersion = 9.0;
						LastSwiftMigration = 0900;
						ProvisioningStyle = Automatic;
						TestTargetID = 7D5DF8721F87F2600039B23E;
					};
					7D5DF8721F87F2600039B23E = {
						CreatedOnToolsVersion = 9.0;
						LastSwiftMigration = 0910;
						ProvisioningStyle = Automatic;
					};
				};
			};
			buildConfigurationList = 7D5DF86E1F87F2600039B23E /* Build configuration list for PBXProject "Lockbox" */;
			compatibilityVersion = "Xcode 8.0";
			developmentRegion = en;
			hasScannedForEncodings = 0;
			knownRegions = (
				en,
				Base,
				es,
				de,
			);
			mainGroup = 7D5DF86A1F87F2600039B23E;
			productRefGroup = 7D5DF8741F87F2600039B23E /* Products */;
			projectDirPath = "";
			projectRoot = "";
			targets = (
				7D5DF8721F87F2600039B23E /* Lockbox */,
				7D1B1AC31F99028D00C1F5FF /* LockboxTests */,
			);
		};
/* End PBXProject section */

/* Begin PBXResourcesBuildPhase section */
		7D1B1AC21F99028D00C1F5FF /* Resources */ = {
			isa = PBXResourcesBuildPhase;
			buildActionMask = 2147483647;
			files = (
			);
			runOnlyForDeploymentPostprocessing = 0;
		};
		7D5DF8711F87F2600039B23E /* Resources */ = {
			isa = PBXResourcesBuildPhase;
			buildActionMask = 2147483647;
			files = (
				7D522EA620334C8200295FF8 /* Localizable.strings in Resources */,
				7D522E9B20334B8600295FF8 /* Welcome.strings in Resources */,
				7D38849C1F99374F0058DAFF /* lockbox-datastore in Resources */,
				7D30DBB32033651600613B69 /* EmptyList.xib in Resources */,
				7AA547E098053DFF64A3C0F9 /* Assets.xcassets in Resources */,
				7DEF297E203E3A2100ABC4AC /* EntryEditDisclaimer.xib in Resources */,
				7D7AD94B204EFBA4002D35EE /* StatusAlert.xib in Resources */,
				7D1B22082033C6250098C3A3 /* ItemDetail.storyboard in Resources */,
				7D5889F8205706AA0087DF89 /* ItemList.storyboard in Resources */,
			);
			runOnlyForDeploymentPostprocessing = 0;
		};
/* End PBXResourcesBuildPhase section */

/* Begin PBXShellScriptBuildPhase section */
		7D651D68203CE50700BD9B6E /* ShellScript */ = {
			isa = PBXShellScriptBuildPhase;
			buildActionMask = 2147483647;
			files = (
			);
			inputPaths = (
			);
			outputPaths = (
			);
			runOnlyForDeploymentPostprocessing = 0;
			shellPath = /bin/sh;
			shellScript = "if which swiftlint >/dev/null; then\n    swiftlint\nelse\n    echo \"warning: SwiftLint not installed, download from https://github.com/realm/SwiftLint\"\nfi";
		};
/* End PBXShellScriptBuildPhase section */

/* Begin PBXSourcesBuildPhase section */
		7D1B1AC01F99028D00C1F5FF /* Sources */ = {
			isa = PBXSourcesBuildPhase;
			buildActionMask = 2147483647;
			files = (
				7DA4C68D2028F99200B61DD8 /* ItemListViewSpec.swift in Sources */,
				7D88BD461F9A6F5B0082A838 /* ItemEntrySpec.swift in Sources */,
				7D38849B1F992A0B0058DAFF /* WebViewSpec.swift in Sources */,
				7D39202C1FB215EB00709575 /* KeyManagerSpec.swift in Sources */,
				D831FEE5205C522200EAE19A /* SettingsPresenterSpec.swift in Sources */,
				7D1B1AD41F9902C600C1F5FF /* DataStoreActionSpec.swift in Sources */,
				7D3884A21F9A54D90058DAFF /* ParserSpec.swift in Sources */,
				7D44088F20178713001873F6 /* WelcomeViewSpec.swift in Sources */,
				7D0D0EDD1F9A5CE2007D8960 /* ItemSpec.swift in Sources */,
				7AA545A229A2E0E5DBF7461C /* String+Spec.swift in Sources */,
				7AA5479682C7E2145B08BC07 /* Data+Spec.swift in Sources */,
				7AA54684402DC450E11CDAAA /* FxAPresenterSpec.swift in Sources */,
				7AA543D2B55F2968B976F8EF /* OAuthInfoSpec.swift in Sources */,
				7AA54D41D654320B1C2F9753 /* FxAViewSpec.swift in Sources */,
				7DA4C68E2028F99500B61DD8 /* ItemListPresenterSpec.swift in Sources */,
				7AA54843ADAB6552EDA77C81 /* ProfileInfoSpec.swift in Sources */,
				7AA5456C114B68E64CB540AD /* KeychainManagerSpec.swift in Sources */,
				7AA54D2B9BA6B3140A7EE905 /* DataStoreActionIntegrationSpec.swift in Sources */,
				7AA54DF06588E3B35E010980 /* DispatcherSpec.swift in Sources */,
				7AA541BD28063282A0B8B352 /* Observable+Spec.swift in Sources */,
				7D44088E20178713001873F6 /* WelcomePresenterSpec.swift in Sources */,
				7AA54A58F7F289BAD2CE21C3 /* ErrorActionSpec.swift in Sources */,
				7AA5439445A0DE14E73A038A /* DataStoreSpec.swift in Sources */,
				D831FEE7205F3D5100EAE19A /* SettingsViewSpec.swift in Sources */,
				7AA54B255317D07347416493 /* RouteStoreSpec.swift in Sources */,
				7AA54DD6E3A60AC511C4D53A /* RouteActionSpec.swift in Sources */,
				7AA54852A3EF5EBAB04AAD42 /* FxAStoreSpec.swift in Sources */,
				7DA4C68F2028F99800B61DD8 /* UIViewController+Spec.swift in Sources */,
				7AA549F77B3C142668BAE986 /* FxAActionSpec.swift in Sources */,
				7AA541388E228B6281F2A2E8 /* UserInfoStoreSpec.swift in Sources */,
				7AA54B2587BDE8D88215802C /* RootPresenterSpec.swift in Sources */,
				7AA546E44E75EC392E1AF728 /* RootViewSpec.swift in Sources */,
				D8D029262062F46600CC01C6 /* MainNavigationControllerSpec.swift in Sources */,
				7AA54896CA92B9048C531179 /* LoginNavigationControllerSpec.swift in Sources */,
				7AA545ADA952B5C4ECF6D313 /* ItemDetailPresenterSpec.swift in Sources */,
				7AA54B381C4053C210A6B8F2 /* ItemDetailViewSpec.swift in Sources */,
				7AA54673A04A9E2ED0879ACC /* ItemDetailStoreSpec.swift in Sources */,
				7AA540053B184518789CDA12 /* ItemDetailActionSpec.swift in Sources */,
				7AA54E698CA72C6C83804EAC /* CopyActionSpec.swift in Sources */,
				7AA54EEAB64EF8D9A7F48739 /* CopyConfirmationDisplayStoreSpec.swift in Sources */,
				7AA54A03CA11221087E4F9F8 /* Date+Spec.swift in Sources */,
				7AA54850D6DE1CD66D8C43AE /* UserInfoActionSpec.swift in Sources */,
			);
			runOnlyForDeploymentPostprocessing = 0;
		};
		7D5DF86F1F87F2600039B23E /* Sources */ = {
			isa = PBXSourcesBuildPhase;
			buildActionMask = 2147483647;
			files = (
				D8FD41491FABD7BB0080D183 /* TelemetryIntegration.swift in Sources */,
				D831FEDE204C925100EAE19A /* SettingsView.swift in Sources */,
				7DA4C6862028F85A00B61DD8 /* ItemListPresenter.swift in Sources */,
				7AA54896CDA4031B568DE386 /* ItemEntry.swift in Sources */,
				7AA54DC38FF49F029CDE96B3 /* Item.swift in Sources */,
				7AA549A0A09C07E547A5D0F0 /* OAuthInfo.swift in Sources */,
				7AA547F600FA69AF18A9D55C /* ProfileInfo.swift in Sources */,
				7AA54C8928B257655856C516 /* AppDelegate.swift in Sources */,
				7AA540D7395F48BD6983CC3E /* Dispatcher.swift in Sources */,
				D831FEE0204C92CD00EAE19A /* SettingsPresenter.swift in Sources */,
				7DA4C6832028F84800B61DD8 /* ItemListView.swift in Sources */,
				7AA54E03B01B57D89DE9CF6B /* Action.swift in Sources */,
				7AA541B3BC9C4F5E6A725222 /* FxAView.swift in Sources */,
				7AA54C4B886A9388A2BCE81A /* FxAPresenter.swift in Sources */,
				7AA54EC3AFAEE0B4AEB3C670 /* AppInfo.swift in Sources */,
				7AA54C1981A1295939512085 /* String+.swift in Sources */,
				7AA54C6D0A4BEB2C3900424F /* Data+.swift in Sources */,
				7AA5475B74B7DF69096101CE /* UIViewController+.swift in Sources */,
				7D44088B201786F1001873F6 /* WelcomePresenter.swift in Sources */,
				7AA5435895EE131D6B5BD4ED /* WebView.swift in Sources */,
				7AA54F0C6779D207AC3DA3E5 /* Parser.swift in Sources */,
				7AA54EFFC095AB3BC0BD1437 /* KeyManager.swift in Sources */,
				7AA54CB0835678A0038E5424 /* RouteAction.swift in Sources */,
				7AA548263012DE1D03950DE0 /* RouteStore.swift in Sources */,
				7AA54E83D68AA39FB3A895AF /* RootPresenter.swift in Sources */,
				7AA54B936D967416C7AD4F3C /* Observable+.swift in Sources */,
				7D6FB87B204F00E2005E23AA /* StatusAlert.swift in Sources */,
				7AA548BBE384D40397D26E9B /* RootView.swift in Sources */,
				7D1B22062033C5880098C3A3 /* ItemDetailPresenter.swift in Sources */,
				7AA54E848015F62023D3689C /* DataStoreAction.swift in Sources */,
				7AA540F07AF5551122E0EDB7 /* ErrorAction.swift in Sources */,
				7D1B22042033C57F0098C3A3 /* ItemDetailView.swift in Sources */,
				7AA546A2A19976883EB9CFE4 /* DataStore.swift in Sources */,
				7AA5449807A6E898C9BEAE23 /* FxAAction.swift in Sources */,
				7AA54DDC2527A59C773FAC3D /* Constants.swift in Sources */,
				7D440889201786E4001873F6 /* WelcomeView.swift in Sources */,
				7AA545F780DE680A5B0380D3 /* FxAStore.swift in Sources */,
				7AA543A00DEEDF6947B578EC /* UserInfoStore.swift in Sources */,
				7AA543D5D705C1B0B7B78CBD /* UserInfoAction.swift in Sources */,
				7AA54BF8B62177DC348BFDA6 /* UIImage+.swift in Sources */,
				7AA54D1ED03AB249CAAB75EC /* KeychainManager.swift in Sources */,
				7DA4C6932028FB0900B61DD8 /* UIColor+.swift in Sources */,
				7AA5465C5FE10715567F5E83 /* LoginNavigationController.swift in Sources */,
				7AA54869D92433B631B6560B /* MainNavigationController.swift in Sources */,
				7AA547EF949CA76FC018402A /* ItemListCell.swift in Sources */,
				7AA54A743320656025DC5B3E /* ItemDetailCell.swift in Sources */,
				7AA5400E231CF2E6FB1A5EEA /* ItemDetailStore.swift in Sources */,
				7AA547376945C001B151491A /* ItemDetailAction.swift in Sources */,
				7AA54EC7A9CA9BBD57AFEAF9 /* FilterCell.swift in Sources */,
				7AA544AA5AE3DE25FE0B0B74 /* CopyAction.swift in Sources */,
				7AA545D6182E36466BC8256A /* CopyConfirmationDisplayStore.swift in Sources */,
				7AA54BE3C277CF8AC0C4306A /* Date+.swift in Sources */,
			);
			runOnlyForDeploymentPostprocessing = 0;
		};
/* End PBXSourcesBuildPhase section */

/* Begin PBXTargetDependency section */
		7D1B1ACA1F99028D00C1F5FF /* PBXTargetDependency */ = {
			isa = PBXTargetDependency;
			target = 7D5DF8721F87F2600039B23E /* Lockbox */;
			targetProxy = 7D1B1AC91F99028D00C1F5FF /* PBXContainerItemProxy */;
		};
/* End PBXTargetDependency section */

/* Begin PBXVariantGroup section */
		7D30DBB52033651600613B69 /* EmptyList.xib */ = {
			isa = PBXVariantGroup;
			children = (
				7D30DBB42033651600613B69 /* Base */,
				7D30DBB72033651900613B69 /* en */,
				7D30DBB92033651A00613B69 /* es */,
				7D30DBBB2033651B00613B69 /* de */,
			);
			name = EmptyList.xib;
			sourceTree = "<group>";
		};
		7D522E9D20334B8600295FF8 /* Welcome.strings */ = {
			isa = PBXVariantGroup;
			children = (
				7D522E9F20334B9F00295FF8 /* es */,
				7D522EA120334BA000295FF8 /* de */,
				7D522EA220334BD200295FF8 /* Base */,
				7D522EA320334BD800295FF8 /* en */,
			);
			name = Welcome.strings;
			path = "lockbox-ios/Storyboard";
			sourceTree = SOURCE_ROOT;
		};
		7D522EA820334C8200295FF8 /* Localizable.strings */ = {
			isa = PBXVariantGroup;
			children = (
				7D522EA720334C8200295FF8 /* en */,
				7D522EA920334C8500295FF8 /* es */,
				7D522EAA20334C8600295FF8 /* de */,
			);
			name = Localizable.strings;
			sourceTree = "<group>";
		};
		7D5889FA205706AA0087DF89 /* ItemList.storyboard */ = {
			isa = PBXVariantGroup;
			children = (
				7D5889F9205706AA0087DF89 /* Base */,
				7D5889FC205706AB0087DF89 /* en */,
				7D5889FE205706AD0087DF89 /* es */,
				7D588A00205706AD0087DF89 /* de */,
			);
			name = ItemList.storyboard;
			sourceTree = "<group>";
		};
		7DEF2980203E3A2100ABC4AC /* EntryEditDisclaimer.xib */ = {
			isa = PBXVariantGroup;
			children = (
				7DEF297F203E3A2100ABC4AC /* Base */,
				7DEF2982203E3A2300ABC4AC /* en */,
				7DEF2984203E3A2400ABC4AC /* de */,
				7DEF2986203E3A2500ABC4AC /* es */,
			);
			name = EntryEditDisclaimer.xib;
			sourceTree = "<group>";
		};
/* End PBXVariantGroup section */

/* Begin XCBuildConfiguration section */
		7D1B1ACC1F99028D00C1F5FF /* Debug */ = {
			isa = XCBuildConfiguration;
			buildSettings = {
				BUNDLE_LOADER = "$(TEST_HOST)";
				CLANG_ENABLE_MODULES = YES;
				CODE_SIGN_STYLE = Automatic;
				DEVELOPMENT_TEAM = 43AQ936H96;
				FRAMEWORK_SEARCH_PATHS = (
					"$(inherited)",
					"$(PROJECT_DIR)/Carthage/Build/iOS",
					"$(PROJECT_DIR)/lockbox-ios/binaries",
				);
				GCC_PREPROCESSOR_DEFINITIONS = "$(inherited)";
				INFOPLIST_FILE = "lockbox-iosTests/Info.plist";
				LD_RUNPATH_SEARCH_PATHS = "$(inherited) @executable_path/Frameworks @loader_path/Frameworks";
				LIBRARY_SEARCH_PATHS = (
					"$(inherited)",
					"$(PROJECT_DIR)/lockbox-ios/binaries",
				);
				PRODUCT_BUNDLE_IDENTIFIER = "mozilla.lockbox-iosTests";
				PRODUCT_NAME = "$(TARGET_NAME)";
				SWIFT_OBJC_BRIDGING_HEADER = "lockbox-ios/Common/Resources/lockbox-ios-Bridging-Header.h";
				SWIFT_OPTIMIZATION_LEVEL = "-Onone";
				SWIFT_PRECOMPILE_BRIDGING_HEADER = NO;
				SWIFT_VERSION = 4.0;
				TARGETED_DEVICE_FAMILY = "1,2";
				TEST_HOST = "$(BUILT_PRODUCTS_DIR)/Lockbox.app/Lockbox";
			};
			name = Debug;
		};
		7D1B1ACD1F99028D00C1F5FF /* Release */ = {
			isa = XCBuildConfiguration;
			buildSettings = {
				BUNDLE_LOADER = "$(TEST_HOST)";
				CLANG_ENABLE_MODULES = YES;
				CODE_SIGN_STYLE = Automatic;
				DEVELOPMENT_TEAM = 43AQ936H96;
				FRAMEWORK_SEARCH_PATHS = (
					"$(inherited)",
					"$(PROJECT_DIR)/Carthage/Build/iOS",
					"$(PROJECT_DIR)/lockbox-ios/binaries",
				);
				INFOPLIST_FILE = "lockbox-iosTests/Info.plist";
				LD_RUNPATH_SEARCH_PATHS = "$(inherited) @executable_path/Frameworks @loader_path/Frameworks";
				LIBRARY_SEARCH_PATHS = (
					"$(inherited)",
					"$(PROJECT_DIR)/lockbox-ios/binaries",
				);
				PRODUCT_BUNDLE_IDENTIFIER = "mozilla.lockbox-iosTests";
				PRODUCT_NAME = "$(TARGET_NAME)";
				SWIFT_OBJC_BRIDGING_HEADER = "lockbox-ios/Common/Resources/lockbox-ios-Bridging-Header.h";
				SWIFT_PRECOMPILE_BRIDGING_HEADER = NO;
				SWIFT_VERSION = 4.0;
				TARGETED_DEVICE_FAMILY = "1,2";
				TEST_HOST = "$(BUILT_PRODUCTS_DIR)/Lockbox.app/Lockbox";
			};
			name = Release;
		};
		7D5DF88E1F87F2600039B23E /* Debug */ = {
			isa = XCBuildConfiguration;
			buildSettings = {
				ALWAYS_SEARCH_USER_PATHS = NO;
				CLANG_ANALYZER_LOCALIZABILITY_NONLOCALIZED = YES;
				CLANG_ANALYZER_NONNULL = YES;
				CLANG_ANALYZER_NUMBER_OBJECT_CONVERSION = YES_AGGRESSIVE;
				CLANG_CXX_LANGUAGE_STANDARD = "gnu++14";
				CLANG_CXX_LIBRARY = "libc++";
				CLANG_ENABLE_MODULES = YES;
				CLANG_ENABLE_OBJC_ARC = YES;
				CLANG_WARN_BLOCK_CAPTURE_AUTORELEASING = YES;
				CLANG_WARN_BOOL_CONVERSION = YES;
				CLANG_WARN_COMMA = YES;
				CLANG_WARN_CONSTANT_CONVERSION = YES;
				CLANG_WARN_DIRECT_OBJC_ISA_USAGE = YES_ERROR;
				CLANG_WARN_DOCUMENTATION_COMMENTS = YES;
				CLANG_WARN_EMPTY_BODY = YES;
				CLANG_WARN_ENUM_CONVERSION = YES;
				CLANG_WARN_INFINITE_RECURSION = YES;
				CLANG_WARN_INT_CONVERSION = YES;
				CLANG_WARN_NON_LITERAL_NULL_CONVERSION = YES;
				CLANG_WARN_OBJC_LITERAL_CONVERSION = YES;
				CLANG_WARN_OBJC_ROOT_CLASS = YES_ERROR;
				CLANG_WARN_RANGE_LOOP_ANALYSIS = YES;
				CLANG_WARN_STRICT_PROTOTYPES = YES;
				CLANG_WARN_SUSPICIOUS_MOVE = YES;
				CLANG_WARN_UNGUARDED_AVAILABILITY = YES_AGGRESSIVE;
				CLANG_WARN_UNREACHABLE_CODE = YES;
				CLANG_WARN__DUPLICATE_METHOD_MATCH = YES;
				CODE_SIGN_IDENTITY = "iPhone Developer";
				COPY_PHASE_STRIP = NO;
				DEBUG_INFORMATION_FORMAT = dwarf;
				ENABLE_STRICT_OBJC_MSGSEND = YES;
				ENABLE_TESTABILITY = YES;
				GCC_C_LANGUAGE_STANDARD = gnu11;
				GCC_DYNAMIC_NO_PIC = NO;
				GCC_NO_COMMON_BLOCKS = YES;
				GCC_OPTIMIZATION_LEVEL = 0;
				GCC_PREPROCESSOR_DEFINITIONS = (
					"DEBUG=1",
					"$(inherited)",
				);
				GCC_WARN_64_TO_32_BIT_CONVERSION = YES;
				GCC_WARN_ABOUT_RETURN_TYPE = YES_ERROR;
				GCC_WARN_UNDECLARED_SELECTOR = YES;
				GCC_WARN_UNINITIALIZED_AUTOS = YES_AGGRESSIVE;
				GCC_WARN_UNUSED_FUNCTION = YES;
				GCC_WARN_UNUSED_VARIABLE = YES;
				IPHONEOS_DEPLOYMENT_TARGET = 10.0;
				MTL_ENABLE_DEBUG_INFO = YES;
				ONLY_ACTIVE_ARCH = YES;
				SDKROOT = iphoneos;
				SWIFT_ACTIVE_COMPILATION_CONDITIONS = DEBUG;
				SWIFT_OBJC_BRIDGING_HEADER = "lockbox-ios/Common/Resources/lockbox-ios-Bridging-Header.h";
				SWIFT_OPTIMIZATION_LEVEL = "-Onone";
				SWIFT_PRECOMPILE_BRIDGING_HEADER = NO;
			};
			name = Debug;
		};
		7D5DF88F1F87F2600039B23E /* Release */ = {
			isa = XCBuildConfiguration;
			buildSettings = {
				ALWAYS_SEARCH_USER_PATHS = NO;
				CLANG_ANALYZER_LOCALIZABILITY_NONLOCALIZED = YES;
				CLANG_ANALYZER_NONNULL = YES;
				CLANG_ANALYZER_NUMBER_OBJECT_CONVERSION = YES_AGGRESSIVE;
				CLANG_CXX_LANGUAGE_STANDARD = "gnu++14";
				CLANG_CXX_LIBRARY = "libc++";
				CLANG_ENABLE_MODULES = YES;
				CLANG_ENABLE_OBJC_ARC = YES;
				CLANG_WARN_BLOCK_CAPTURE_AUTORELEASING = YES;
				CLANG_WARN_BOOL_CONVERSION = YES;
				CLANG_WARN_COMMA = YES;
				CLANG_WARN_CONSTANT_CONVERSION = YES;
				CLANG_WARN_DIRECT_OBJC_ISA_USAGE = YES_ERROR;
				CLANG_WARN_DOCUMENTATION_COMMENTS = YES;
				CLANG_WARN_EMPTY_BODY = YES;
				CLANG_WARN_ENUM_CONVERSION = YES;
				CLANG_WARN_INFINITE_RECURSION = YES;
				CLANG_WARN_INT_CONVERSION = YES;
				CLANG_WARN_NON_LITERAL_NULL_CONVERSION = YES;
				CLANG_WARN_OBJC_LITERAL_CONVERSION = YES;
				CLANG_WARN_OBJC_ROOT_CLASS = YES_ERROR;
				CLANG_WARN_RANGE_LOOP_ANALYSIS = YES;
				CLANG_WARN_STRICT_PROTOTYPES = YES;
				CLANG_WARN_SUSPICIOUS_MOVE = YES;
				CLANG_WARN_UNGUARDED_AVAILABILITY = YES_AGGRESSIVE;
				CLANG_WARN_UNREACHABLE_CODE = YES;
				CLANG_WARN__DUPLICATE_METHOD_MATCH = YES;
				CODE_SIGN_IDENTITY = "iPhone Developer";
				COPY_PHASE_STRIP = NO;
				DEBUG_INFORMATION_FORMAT = "dwarf-with-dsym";
				ENABLE_NS_ASSERTIONS = NO;
				ENABLE_STRICT_OBJC_MSGSEND = YES;
				GCC_C_LANGUAGE_STANDARD = gnu11;
				GCC_NO_COMMON_BLOCKS = YES;
				GCC_WARN_64_TO_32_BIT_CONVERSION = YES;
				GCC_WARN_ABOUT_RETURN_TYPE = YES_ERROR;
				GCC_WARN_UNDECLARED_SELECTOR = YES;
				GCC_WARN_UNINITIALIZED_AUTOS = YES_AGGRESSIVE;
				GCC_WARN_UNUSED_FUNCTION = YES;
				GCC_WARN_UNUSED_VARIABLE = YES;
				IPHONEOS_DEPLOYMENT_TARGET = 10.0;
				MTL_ENABLE_DEBUG_INFO = NO;
				SDKROOT = iphoneos;
				SWIFT_OBJC_BRIDGING_HEADER = "lockbox-ios/Common/Resources/lockbox-ios-Bridging-Header.h";
				SWIFT_OPTIMIZATION_LEVEL = "-Owholemodule";
				SWIFT_PRECOMPILE_BRIDGING_HEADER = NO;
				VALIDATE_PRODUCT = YES;
			};
			name = Release;
		};
		7D5DF8911F87F2600039B23E /* Debug */ = {
			isa = XCBuildConfiguration;
			buildSettings = {
				ASSETCATALOG_COMPILER_APPICON_NAME = AppIcon;
				BUNDLE_ID_SUFFIX = "";
				CLANG_ENABLE_MODULES = YES;
				"CODE_SIGN_IDENTITY[sdk=iphoneos*]" = "iPhone Developer";
				CODE_SIGN_STYLE = Automatic;
				DEFINES_MODULE = YES;
				DEVELOPMENT_TEAM = 43AQ936H96;
				ENABLE_BITCODE = NO;
				FRAMEWORK_SEARCH_PATHS = (
					"$(inherited)",
					"$(PROJECT_DIR)/Carthage/Build/iOS",
				);
				HEADER_SEARCH_PATHS = "";
				INFOPLIST_FILE = "lockbox-ios/Common/Resources/Info.plist";
				IPHONEOS_DEPLOYMENT_TARGET = 10.0;
				LD_RUNPATH_SEARCH_PATHS = "$(inherited) @executable_path/Frameworks";
				LIBRARY_SEARCH_PATHS = (
					"$(inherited)",
					"$(PROJECT_DIR)",
					"${PROJECT_DIR}/lockbox-ios/binaries",
				);
				PRODUCT_BUNDLE_IDENTIFIER = "org.mozilla.ios.Lockbox${BUNDLE_ID_SUFFIX}";
				PRODUCT_NAME = Lockbox;
				PROVISIONING_PROFILE_SPECIFIER = "";
				SWIFT_INCLUDE_PATHS = "${PROJECT_DIR}/lockbox-ios/binaries/** ${PROJECT_DIR}/lockbox-ios/CommonCrypto/**";
				SWIFT_OBJC_BRIDGING_HEADER = "lockbox-ios/Common/Resources/lockbox-ios-Bridging-Header.h";
				SWIFT_OPTIMIZATION_LEVEL = "-Onone";
				SWIFT_PRECOMPILE_BRIDGING_HEADER = NO;
				SWIFT_VERSION = 4.0;
				TARGETED_DEVICE_FAMILY = "1,2";
			};
			name = Debug;
		};
		7D5DF8921F87F2600039B23E /* Release */ = {
			isa = XCBuildConfiguration;
			buildSettings = {
				ASSETCATALOG_COMPILER_APPICON_NAME = AppIcon;
				BUNDLE_ID_SUFFIX = "";
				CLANG_ENABLE_MODULES = YES;
				"CODE_SIGN_IDENTITY[sdk=iphoneos*]" = "iPhone Developer";
				CODE_SIGN_STYLE = Automatic;
				DEFINES_MODULE = YES;
				DEVELOPMENT_TEAM = 43AQ936H96;
				ENABLE_BITCODE = NO;
				FRAMEWORK_SEARCH_PATHS = (
					"$(inherited)",
					"$(PROJECT_DIR)/Carthage/Build/iOS",
				);
				HEADER_SEARCH_PATHS = "";
				INFOPLIST_FILE = "lockbox-ios/Common/Resources/Info.plist";
				IPHONEOS_DEPLOYMENT_TARGET = 10.0;
				LD_RUNPATH_SEARCH_PATHS = "$(inherited) @executable_path/Frameworks";
				LIBRARY_SEARCH_PATHS = (
					"$(inherited)",
					"$(PROJECT_DIR)",
					"${PROJECT_DIR}/lockbox-ios/binaries",
				);
				PRODUCT_BUNDLE_IDENTIFIER = "org.mozilla.ios.Lockbox${BUNDLE_ID_SUFFIX}";
				PRODUCT_NAME = Lockbox;
				PROVISIONING_PROFILE_SPECIFIER = "";
				SWIFT_INCLUDE_PATHS = "${PROJECT_DIR}/lockbox-ios/binaries/** ${PROJECT_DIR}/lockbox-ios/CommonCrypto/**";
				SWIFT_OBJC_BRIDGING_HEADER = "lockbox-ios/Common/Resources/lockbox-ios-Bridging-Header.h";
				SWIFT_PRECOMPILE_BRIDGING_HEADER = NO;
				SWIFT_VERSION = 4.0;
				TARGETED_DEVICE_FAMILY = "1,2";
			};
			name = Release;
		};
		7DD276FE2051988000962DEB /* Branch */ = {
			isa = XCBuildConfiguration;
			buildSettings = {
				ALWAYS_SEARCH_USER_PATHS = NO;
				CLANG_ANALYZER_LOCALIZABILITY_NONLOCALIZED = YES;
				CLANG_ANALYZER_NONNULL = YES;
				CLANG_ANALYZER_NUMBER_OBJECT_CONVERSION = YES_AGGRESSIVE;
				CLANG_CXX_LANGUAGE_STANDARD = "gnu++14";
				CLANG_CXX_LIBRARY = "libc++";
				CLANG_ENABLE_MODULES = YES;
				CLANG_ENABLE_OBJC_ARC = YES;
				CLANG_WARN_BLOCK_CAPTURE_AUTORELEASING = YES;
				CLANG_WARN_BOOL_CONVERSION = YES;
				CLANG_WARN_COMMA = YES;
				CLANG_WARN_CONSTANT_CONVERSION = YES;
				CLANG_WARN_DIRECT_OBJC_ISA_USAGE = YES_ERROR;
				CLANG_WARN_DOCUMENTATION_COMMENTS = YES;
				CLANG_WARN_EMPTY_BODY = YES;
				CLANG_WARN_ENUM_CONVERSION = YES;
				CLANG_WARN_INFINITE_RECURSION = YES;
				CLANG_WARN_INT_CONVERSION = YES;
				CLANG_WARN_NON_LITERAL_NULL_CONVERSION = YES;
				CLANG_WARN_OBJC_LITERAL_CONVERSION = YES;
				CLANG_WARN_OBJC_ROOT_CLASS = YES_ERROR;
				CLANG_WARN_RANGE_LOOP_ANALYSIS = YES;
				CLANG_WARN_STRICT_PROTOTYPES = YES;
				CLANG_WARN_SUSPICIOUS_MOVE = YES;
				CLANG_WARN_UNGUARDED_AVAILABILITY = YES_AGGRESSIVE;
				CLANG_WARN_UNREACHABLE_CODE = YES;
				CLANG_WARN__DUPLICATE_METHOD_MATCH = YES;
				CODE_SIGN_IDENTITY = "iPhone Developer";
				COPY_PHASE_STRIP = NO;
				DEBUG_INFORMATION_FORMAT = dwarf;
				ENABLE_STRICT_OBJC_MSGSEND = YES;
				ENABLE_TESTABILITY = YES;
				GCC_C_LANGUAGE_STANDARD = gnu11;
				GCC_DYNAMIC_NO_PIC = NO;
				GCC_NO_COMMON_BLOCKS = YES;
				GCC_OPTIMIZATION_LEVEL = 0;
				GCC_PREPROCESSOR_DEFINITIONS = (
					"DEBUG=1",
					"$(inherited)",
				);
				GCC_WARN_64_TO_32_BIT_CONVERSION = YES;
				GCC_WARN_ABOUT_RETURN_TYPE = YES_ERROR;
				GCC_WARN_UNDECLARED_SELECTOR = YES;
				GCC_WARN_UNINITIALIZED_AUTOS = YES_AGGRESSIVE;
				GCC_WARN_UNUSED_FUNCTION = YES;
				GCC_WARN_UNUSED_VARIABLE = YES;
				IPHONEOS_DEPLOYMENT_TARGET = 10.0;
				MTL_ENABLE_DEBUG_INFO = YES;
				ONLY_ACTIVE_ARCH = YES;
				SDKROOT = iphoneos;
				SWIFT_ACTIVE_COMPILATION_CONDITIONS = DEBUG;
				SWIFT_OBJC_BRIDGING_HEADER = "lockbox-ios/Common/Resources/lockbox-ios-Bridging-Header.h";
				SWIFT_OPTIMIZATION_LEVEL = "-Onone";
				SWIFT_PRECOMPILE_BRIDGING_HEADER = NO;
			};
			name = Branch;
		};
		7DD276FF2051988000962DEB /* Branch */ = {
			isa = XCBuildConfiguration;
			buildSettings = {
				ASSETCATALOG_COMPILER_APPICON_NAME = AppIcon;
				BUNDLE_ID_SUFFIX = .adhoc;
				CLANG_ENABLE_MODULES = YES;
				"CODE_SIGN_IDENTITY[sdk=iphoneos*]" = "iPhone Developer";
				CODE_SIGN_STYLE = Automatic;
				DEFINES_MODULE = YES;
				DEVELOPMENT_TEAM = 43AQ936H96;
				ENABLE_BITCODE = NO;
				FRAMEWORK_SEARCH_PATHS = (
					"$(inherited)",
					"$(PROJECT_DIR)/Carthage/Build/iOS",
				);
				HEADER_SEARCH_PATHS = "";
				INFOPLIST_FILE = "lockbox-ios/Common/Resources/Info.plist";
				IPHONEOS_DEPLOYMENT_TARGET = 10.0;
				LD_RUNPATH_SEARCH_PATHS = "$(inherited) @executable_path/Frameworks";
				LIBRARY_SEARCH_PATHS = (
					"$(inherited)",
					"$(PROJECT_DIR)",
					"${PROJECT_DIR}/lockbox-ios/binaries",
				);
				PRODUCT_BUNDLE_IDENTIFIER = "org.mozilla.ios.Lockbox${BUNDLE_ID_SUFFIX}";
				PRODUCT_MODULE_NAME = "Lockbox$(:c99extidentifier)";
				PRODUCT_NAME = "Lockbox-Branch";
				PROVISIONING_PROFILE_SPECIFIER = "";
				SWIFT_INCLUDE_PATHS = "${PROJECT_DIR}/lockbox-ios/binaries/** ${PROJECT_DIR}/lockbox-ios/CommonCrypto/**";
				SWIFT_OBJC_BRIDGING_HEADER = "lockbox-ios/Common/Resources/lockbox-ios-Bridging-Header.h";
				SWIFT_OPTIMIZATION_LEVEL = "-Onone";
				SWIFT_PRECOMPILE_BRIDGING_HEADER = NO;
				SWIFT_VERSION = 4.0;
				TARGETED_DEVICE_FAMILY = "1,2";
			};
			name = Branch;
		};
		7DD277002051988000962DEB /* Branch */ = {
			isa = XCBuildConfiguration;
			buildSettings = {
				BUNDLE_LOADER = "$(TEST_HOST)";
				CLANG_ENABLE_MODULES = YES;
				CODE_SIGN_STYLE = Automatic;
				DEVELOPMENT_TEAM = 43AQ936H96;
				FRAMEWORK_SEARCH_PATHS = (
					"$(inherited)",
					"$(PROJECT_DIR)/Carthage/Build/iOS",
					"$(PROJECT_DIR)/lockbox-ios/binaries",
				);
				GCC_PREPROCESSOR_DEFINITIONS = (
					"ADHOC=1",
					"$(inherited)",
				);
				INFOPLIST_FILE = "lockbox-iosTests/Info.plist";
				LD_RUNPATH_SEARCH_PATHS = "$(inherited) @executable_path/Frameworks @loader_path/Frameworks";
				LIBRARY_SEARCH_PATHS = (
					"$(inherited)",
					"$(PROJECT_DIR)/lockbox-ios/binaries",
				);
				PRODUCT_BUNDLE_IDENTIFIER = "mozilla.lockbox-iosTests";
				PRODUCT_NAME = "$(TARGET_NAME)";
				SWIFT_OBJC_BRIDGING_HEADER = "lockbox-ios/Common/Resources/lockbox-ios-Bridging-Header.h";
				SWIFT_OPTIMIZATION_LEVEL = "-Onone";
				SWIFT_PRECOMPILE_BRIDGING_HEADER = NO;
				SWIFT_VERSION = 4.0;
				TARGETED_DEVICE_FAMILY = "1,2";
				TEST_HOST = "$(BUILT_PRODUCTS_DIR)/Lockbox-Branch.app/Lockbox-Branch";
			};
			name = Branch;
		};
/* End XCBuildConfiguration section */

/* Begin XCConfigurationList section */
		7D1B1ACB1F99028D00C1F5FF /* Build configuration list for PBXNativeTarget "LockboxTests" */ = {
			isa = XCConfigurationList;
			buildConfigurations = (
				7D1B1ACC1F99028D00C1F5FF /* Debug */,
				7DD277002051988000962DEB /* Branch */,
				7D1B1ACD1F99028D00C1F5FF /* Release */,
			);
			defaultConfigurationIsVisible = 0;
			defaultConfigurationName = Release;
		};
		7D5DF86E1F87F2600039B23E /* Build configuration list for PBXProject "Lockbox" */ = {
			isa = XCConfigurationList;
			buildConfigurations = (
				7D5DF88E1F87F2600039B23E /* Debug */,
				7DD276FE2051988000962DEB /* Branch */,
				7D5DF88F1F87F2600039B23E /* Release */,
			);
			defaultConfigurationIsVisible = 0;
			defaultConfigurationName = Release;
		};
		7D5DF8901F87F2600039B23E /* Build configuration list for PBXNativeTarget "Lockbox" */ = {
			isa = XCConfigurationList;
			buildConfigurations = (
				7D5DF8911F87F2600039B23E /* Debug */,
				7DD276FF2051988000962DEB /* Branch */,
				7D5DF8921F87F2600039B23E /* Release */,
			);
			defaultConfigurationIsVisible = 0;
			defaultConfigurationName = Release;
		};
/* End XCConfigurationList section */
	};
	rootObject = 7D5DF86B1F87F2600039B23E /* Project object */;
}
