<?xml version="1.0" encoding="UTF-8"?>
<Scheme
   version = "1.3">
   <BuildAction>
      <BuildActionEntries>
         <BuildActionEntry
            buildForRunning = "YES">
            <BuildableReference
               BuildableIdentifier = "primary"
               BlueprintIdentifier = "7D5DF8721F87F2600039B23E"
               BuildableName = "lockbox-ios.app"
               BlueprintName = "lockbox-ios"
               ReferencedContainer = "container:lockbox-ios.xcodeproj">
            </BuildableReference>
         </BuildActionEntry>
      </BuildActionEntries>
   </BuildAction>
   <LaunchAction
      useCustomWorkingDirectory = "NO"
      buildConfiguration = "Debug">
      <BuildableProductRunnable>
         <BuildableReference
            BuildableIdentifier = "primary"
            BlueprintIdentifier = "7D5DF8721F87F2600039B23E"
            BuildableName = "lockbox-ios.app"
            BlueprintName = "lockbox-ios"
            ReferencedContainer = "container:lockbox-ios.xcodeproj">
         </BuildableReference>
      </BuildableProductRunnable>
   </LaunchAction>
</Scheme>
